{
  "version": 4,
  "terraform_version": "0.13.6",
  "serial": 21,
  "lineage": "e7ca9ebc-3bd1-1044-830b-b46693c2d3da",
  "outputs": {},
  "resources": [
    {
      "module": "module.Nginx_instances",
      "mode": "managed",
      "type": "aws_instance",
      "name": "nginxPetOne",
      "provider": "provider[\"registry.terraform.io/hashicorp/aws\"]",
      "instances": [
        {
          "schema_version": 1,
          "attributes": {
            "ami": "ami-0a91cd140a1fc148a",
            "arn": "arn:aws:ec2:us-east-2:528910777322:instance/i-0af81325fbc514ebb",
            "associate_public_ip_address": true,
            "availability_zone": "us-east-2c",
            "cpu_core_count": 1,
            "cpu_threads_per_core": 1,
            "credit_specification": [
              {
                "cpu_credits": "standard"
              }
            ],
            "disable_api_termination": false,
            "ebs_block_device": [],
            "ebs_optimized": false,
            "enclave_options": [
              {
                "enabled": false
              }
            ],
            "ephemeral_block_device": [],
            "get_password_data": false,
            "hibernation": false,
            "host_id": null,
            "iam_instance_profile": "",
            "id": "i-0af81325fbc514ebb",
            "instance_initiated_shutdown_behavior": null,
            "instance_state": "running",
            "instance_type": "t2.micro",
            "ipv6_address_count": 0,
            "ipv6_addresses": [],
            "key_name": "",
            "metadata_options": [
              {
                "http_endpoint": "enabled",
                "http_put_response_hop_limit": 1,
                "http_tokens": "optional"
              }
            ],
            "monitoring": false,
            "network_interface": [],
            "outpost_arn": "",
            "password_data": "",
            "placement_group": "",
            "primary_network_interface_id": "eni-0e8a117ba07def0c7",
            "private_dns": "ip-10-0-1-111.us-east-2.compute.internal",
            "private_ip": "10.0.1.111",
            "public_dns": "ec2-18-217-17-91.us-east-2.compute.amazonaws.com",
            "public_ip": "18.217.17.91",
            "root_block_device": [
              {
                "delete_on_termination": true,
                "device_name": "/dev/sda1",
                "encrypted": false,
                "iops": 100,
                "kms_key_id": "",
                "tags": {},
                "throughput": 0,
                "volume_id": "vol-0b1ff56fa00bb67d5",
                "volume_size": 8,
                "volume_type": "gp2"
              }
            ],
            "secondary_private_ips": [],
            "security_groups": [],
            "source_dest_check": true,
            "subnet_id": "subnet-04f8d356b3ce0eefe",
            "tags": {
              "Name": "nginxPetOne"
            },
            "tenancy": "default",
            "timeouts": null,
            "user_data": null,
            "user_data_base64": null,
            "volume_tags": null,
            "vpc_security_group_ids": [
              "sg-03c6c4076fc8dff95"
            ]
          },
          "private": "eyJlMmJmYjczMC1lY2FhLTExZTYtOGY4OC0zNDM2M2JjN2M0YzAiOnsiY3JlYXRlIjo2MDAwMDAwMDAwMDAsImRlbGV0ZSI6MTIwMDAwMDAwMDAwMCwidXBkYXRlIjo2MDAwMDAwMDAwMDB9LCJzY2hlbWFfdmVyc2lvbiI6IjEifQ==",
          "dependencies": [
            "module.sec_group.aws_security_group.secGrpNginx",
            "module.vpc.aws_subnet.segment_public",
            "module.vpc.aws_vpc.vpcOne"
          ]
        }
      ]
    },
    {
      "module": "module.Nginx_instances",
      "mode": "managed",
      "type": "aws_instance",
      "name": "nginxPetTwo",
      "provider": "provider[\"registry.terraform.io/hashicorp/aws\"]",
      "instances": [
        {
          "schema_version": 1,
          "attributes": {
            "ami": "ami-0a91cd140a1fc148a",
            "arn": "arn:aws:ec2:us-east-2:528910777322:instance/i-0541b9b98992f57b4",
            "associate_public_ip_address": true,
            "availability_zone": "us-east-2c",
            "cpu_core_count": 1,
            "cpu_threads_per_core": 1,
            "credit_specification": [
              {
                "cpu_credits": "standard"
              }
            ],
            "disable_api_termination": false,
            "ebs_block_device": [],
            "ebs_optimized": false,
            "enclave_options": [
              {
                "enabled": false
              }
            ],
            "ephemeral_block_device": [],
            "get_password_data": false,
            "hibernation": false,
            "host_id": null,
            "iam_instance_profile": "",
            "id": "i-0541b9b98992f57b4",
            "instance_initiated_shutdown_behavior": null,
            "instance_state": "running",
            "instance_type": "t2.micro",
            "ipv6_address_count": 0,
            "ipv6_addresses": [],
            "key_name": "",
            "metadata_options": [
              {
                "http_endpoint": "enabled",
                "http_put_response_hop_limit": 1,
                "http_tokens": "optional"
              }
            ],
            "monitoring": false,
            "network_interface": [],
            "outpost_arn": "",
            "password_data": "",
            "placement_group": "",
            "primary_network_interface_id": "eni-0909ed373bd4b72ea",
            "private_dns": "ip-10-0-1-230.us-east-2.compute.internal",
            "private_ip": "10.0.1.230",
            "public_dns": "ec2-3-141-97-159.us-east-2.compute.amazonaws.com",
            "public_ip": "3.141.97.159",
            "root_block_device": [
              {
                "delete_on_termination": true,
                "device_name": "/dev/sda1",
                "encrypted": false,
                "iops": 100,
                "kms_key_id": "",
                "tags": {},
                "throughput": 0,
                "volume_id": "vol-0e8c79b19490dee1b",
                "volume_size": 8,
                "volume_type": "gp2"
              }
            ],
            "secondary_private_ips": [],
            "security_groups": [],
            "source_dest_check": true,
            "subnet_id": "subnet-04f8d356b3ce0eefe",
            "tags": {
              "Name": "nginxPetTwo"
            },
            "tenancy": "default",
            "timeouts": null,
            "user_data": null,
            "user_data_base64": null,
            "volume_tags": null,
            "vpc_security_group_ids": [
              "sg-03c6c4076fc8dff95"
            ]
          },
          "private": "eyJlMmJmYjczMC1lY2FhLTExZTYtOGY4OC0zNDM2M2JjN2M0YzAiOnsiY3JlYXRlIjo2MDAwMDAwMDAwMDAsImRlbGV0ZSI6MTIwMDAwMDAwMDAwMCwidXBkYXRlIjo2MDAwMDAwMDAwMDB9LCJzY2hlbWFfdmVyc2lvbiI6IjEifQ==",
          "dependencies": [
            "module.sec_group.aws_security_group.secGrpNginx",
            "module.vpc.aws_subnet.segment_public",
            "module.vpc.aws_vpc.vpcOne"
          ]
        }
      ]
    },
    {
      "module": "module.gateways",
      "mode": "managed",
      "type": "aws_eip",
      "name": "elastic_ip",
      "provider": "provider[\"registry.terraform.io/hashicorp/aws\"]",
      "instances": [
        {
          "schema_version": 0,
          "attributes": {
            "allocation_id": null,
            "associate_with_private_ip": null,
            "association_id": "eipassoc-026ea989525fa30f9",
            "carrier_ip": "",
            "customer_owned_ip": "",
            "customer_owned_ipv4_pool": "",
            "domain": "vpc",
            "id": "eipalloc-0288c3c81e9800085",
            "instance": "",
            "network_border_group": "us-east-2",
            "network_interface": "eni-0886aaa943c939c9e",
            "private_dns": "ip-10-0-1-128.us-east-2.compute.internal",
            "private_ip": "10.0.1.128",
            "public_dns": "ec2-3-140-132-30.us-east-2.compute.amazonaws.com",
            "public_ip": "3.140.132.30",
            "public_ipv4_pool": "amazon",
            "tags": {},
            "timeouts": null,
            "vpc": true
          },
          "private": "eyJlMmJmYjczMC1lY2FhLTExZTYtOGY4OC0zNDM2M2JjN2M0YzAiOnsiZGVsZXRlIjoxODAwMDAwMDAwMDAsInJlYWQiOjkwMDAwMDAwMDAwMCwidXBkYXRlIjozMDAwMDAwMDAwMDB9fQ=="
        }
      ]
    },
    {
      "module": "module.gateways",
      "mode": "managed",
      "type": "aws_internet_gateway",
      "name": "Public_gateway",
      "provider": "provider[\"registry.terraform.io/hashicorp/aws\"]",
      "instances": [
        {
          "schema_version": 0,
          "attributes": {
            "arn": "arn:aws:ec2:us-east-2:528910777322:internet-gateway/igw-0872e155b06a20863",
            "id": "igw-0872e155b06a20863",
            "owner_id": "528910777322",
            "tags": {
              "name": "Public_gateway"
            },
            "vpc_id": "vpc-0a060c61d89e2806b"
          },
          "private": "bnVsbA==",
          "dependencies": [
            "module.vpc.aws_vpc.vpcOne"
          ]
        }
      ]
    },
    {
      "module": "module.gateways",
      "mode": "managed",
      "type": "aws_nat_gateway",
      "name": "nat_gateway",
      "provider": "provider[\"registry.terraform.io/hashicorp/aws\"]",
      "instances": [
        {
          "schema_version": 0,
          "attributes": {
            "allocation_id": "eipalloc-0288c3c81e9800085",
            "id": "nat-09884dc588fc47241",
            "network_interface_id": "eni-0886aaa943c939c9e",
            "private_ip": "10.0.1.128",
            "public_ip": "3.140.132.30",
            "subnet_id": "subnet-04f8d356b3ce0eefe",
            "tags": {
              "Name": "nat-gateway"
            }
          },
          "private": "bnVsbA==",
          "dependencies": [
            "module.gateways.aws_eip.elastic_ip",
            "module.vpc.aws_subnet.segment_public",
            "module.vpc.aws_vpc.vpcOne"
          ]
        }
      ]
    },
    {
      "module": "module.gateways",
      "mode": "managed",
      "type": "aws_route_table",
      "name": "NAT_route_table",
      "provider": "provider[\"registry.terraform.io/hashicorp/aws\"]",
      "instances": [
        {
          "schema_version": 0,
          "attributes": {
            "id": "rtb-0cfa5c9a692563d6d",
            "owner_id": "528910777322",
            "propagating_vgws": [],
            "route": [
              {
                "cidr_block": "0.0.0.0/0",
                "egress_only_gateway_id": "",
                "gateway_id": "nat-09884dc588fc47241",
                "instance_id": "",
                "ipv6_cidr_block": "",
                "local_gateway_id": "",
                "nat_gateway_id": "",
                "network_interface_id": "",
                "transit_gateway_id": "",
                "vpc_endpoint_id": "",
                "vpc_peering_connection_id": ""
              }
            ],
            "tags": {
              "Name": "NAT-route-table"
            },
            "vpc_id": "vpc-0a060c61d89e2806b"
          },
          "private": "bnVsbA==",
          "dependencies": [
            "module.gateways.aws_nat_gateway.nat_gateway",
            "module.vpc.aws_vpc.vpcOne"
          ]
        }
      ]
    },
    {
      "module": "module.gateways",
      "mode": "managed",
      "type": "aws_route_table",
      "name": "route_table_Public_gateway",
      "provider": "provider[\"registry.terraform.io/hashicorp/aws\"]",
      "instances": [
        {
          "schema_version": 0,
          "attributes": {
            "id": "rtb-00cd71e8a25c903ee",
            "owner_id": "528910777322",
            "propagating_vgws": [],
            "route": [
              {
                "cidr_block": "0.0.0.0/0",
                "egress_only_gateway_id": "",
                "gateway_id": "igw-0872e155b06a20863",
                "instance_id": "",
                "ipv6_cidr_block": "",
                "local_gateway_id": "",
                "nat_gateway_id": "",
                "network_interface_id": "",
                "transit_gateway_id": "",
                "vpc_endpoint_id": "",
                "vpc_peering_connection_id": ""
              }
            ],
            "tags": {
              "Name": "route_table_Public_gateway"
            },
            "vpc_id": "vpc-0a060c61d89e2806b"
          },
          "private": "bnVsbA==",
          "dependencies": [
            "module.gateways.aws_internet_gateway.Public_gateway",
            "module.vpc.aws_vpc.vpcOne"
          ]
        }
      ]
    },
    {
      "module": "module.gateways",
      "mode": "managed",
      "type": "aws_route_table_association",
      "name": "associate_route_table_to_private_subnet",
      "provider": "provider[\"registry.terraform.io/hashicorp/aws\"]",
      "instances": [
        {
          "schema_version": 0,
          "attributes": {
            "gateway_id": null,
            "id": "rtbassoc-0192ffbaa5c74a377",
            "route_table_id": "rtb-0cfa5c9a692563d6d",
            "subnet_id": "subnet-0621076f482757647"
          },
          "private": "bnVsbA==",
          "dependencies": [
            "module.gateways.aws_eip.elastic_ip",
            "module.gateways.aws_nat_gateway.nat_gateway",
            "module.gateways.aws_route_table.NAT_route_table",
            "module.vpc.aws_subnet.segment_private",
            "module.vpc.aws_subnet.segment_public",
            "module.vpc.aws_vpc.vpcOne"
          ]
        }
      ]
    },
    {
      "module": "module.gateways",
      "mode": "managed",
      "type": "aws_route_table_association",
      "name": "subnet-association",
      "provider": "provider[\"registry.terraform.io/hashicorp/aws\"]",
      "instances": [
        {
          "schema_version": 0,
          "attributes": {
            "gateway_id": null,
            "id": "rtbassoc-0ea75cb0241fb0adb",
            "route_table_id": "rtb-00cd71e8a25c903ee",
            "subnet_id": "subnet-04f8d356b3ce0eefe"
          },
          "private": "bnVsbA==",
          "dependencies": [
            "module.gateways.aws_internet_gateway.Public_gateway",
            "module.gateways.aws_route_table.route_table_Public_gateway",
            "module.vpc.aws_subnet.segment_public",
            "module.vpc.aws_vpc.vpcOne"
          ]
        }
      ]
    },
    {
      "module": "module.load_balancers",
      "mode": "managed",
      "type": "aws_elb",
      "name": "petClinicPublicELB",
      "provider": "provider[\"registry.terraform.io/hashicorp/aws\"]",
      "instances": [
        {
          "schema_version": 0,
          "attributes": {
            "access_logs": [],
            "arn": "arn:aws:elasticloadbalancing:us-east-2:528910777322:loadbalancer/petClinicPublicELB",
            "availability_zones": [
              "us-east-2c"
            ],
            "connection_draining": false,
            "connection_draining_timeout": 300,
            "cross_zone_load_balancing": true,
            "dns_name": "petClinicPublicELB-2066581531.us-east-2.elb.amazonaws.com",
            "health_check": [
              {
                "healthy_threshold": 2,
                "interval": 30,
                "target": "HTTP:80/",
                "timeout": 3,
                "unhealthy_threshold": 2
              }
            ],
            "id": "petClinicPublicELB",
            "idle_timeout": 400,
            "instances": [
              "i-0541b9b98992f57b4",
              "i-0af81325fbc514ebb"
            ],
            "internal": false,
            "listener": [
              {
                "instance_port": 80,
                "instance_protocol": "http",
                "lb_port": 80,
                "lb_protocol": "http",
                "ssl_certificate_id": ""
              }
            ],
            "name": "petClinicPublicELB",
            "name_prefix": null,
            "security_groups": [
              "sg-03c6c4076fc8dff95"
            ],
            "source_security_group": "528910777322/secGrpNginx",
            "source_security_group_id": "sg-03c6c4076fc8dff95",
            "subnets": [
              "subnet-04f8d356b3ce0eefe"
            ],
            "tags": {
              "Name": "petClinicPublicELB"
            },
            "zone_id": "Z3AADJGX6KTTL2"
          },
          "private": "bnVsbA==",
          "dependencies": [
            "module.Nginx_instances.aws_instance.nginxPetOne",
            "module.Nginx_instances.aws_instance.nginxPetTwo",
            "module.sec_group.aws_security_group.secGrpNginx",
            "module.vpc.aws_subnet.segment_public"
          ]
        }
      ]
    },
    {
      "module": "module.sec_group",
      "mode": "managed",
      "type": "aws_security_group",
      "name": "secGrpApp",
      "provider": "provider[\"registry.terraform.io/hashicorp/aws\"]",
      "instances": [
        {
          "schema_version": 1,
          "attributes": {
            "arn": "arn:aws:ec2:us-east-2:528910777322:security-group/sg-09868a497cb0b6f5e",
            "description": "Allow traffic between nginx VM to App VM",
            "egress": [
              {
                "cidr_blocks": [
                  "0.0.0.0/0"
                ],
                "description": "",
                "from_port": 0,
                "ipv6_cidr_blocks": [],
                "prefix_list_ids": [],
                "protocol": "-1",
                "security_groups": [],
                "self": false,
                "to_port": 0
              }
            ],
            "id": "sg-09868a497cb0b6f5e",
            "ingress": [
              {
                "cidr_blocks": [
                  "10.0.1.0/24"
                ],
                "description": "",
                "from_port": 80,
                "ipv6_cidr_blocks": [],
                "prefix_list_ids": [],
                "protocol": "tcp",
                "security_groups": [],
                "self": false,
                "to_port": 80
              }
            ],
            "name": "secGrpApp",
            "name_prefix": "",
            "owner_id": "528910777322",
            "revoke_rules_on_delete": false,
            "tags": {
              "secGrpApp": "true"
            },
            "timeouts": null,
            "vpc_id": "vpc-0a060c61d89e2806b"
          },
          "private": "eyJlMmJmYjczMC1lY2FhLTExZTYtOGY4OC0zNDM2M2JjN2M0YzAiOnsiY3JlYXRlIjo2MDAwMDAwMDAwMDAsImRlbGV0ZSI6NjAwMDAwMDAwMDAwfSwic2NoZW1hX3ZlcnNpb24iOiIxIn0=",
          "dependencies": [
            "module.vpc.aws_vpc.vpcOne"
          ]
        }
      ]
    },
    {
      "module": "module.sec_group",
      "mode": "managed",
      "type": "aws_security_group",
      "name": "secGrpNginx",
      "provider": "provider[\"registry.terraform.io/hashicorp/aws\"]",
      "instances": [
        {
          "schema_version": 1,
          "attributes": {
            "arn": "arn:aws:ec2:us-east-2:528910777322:security-group/sg-03c6c4076fc8dff95",
            "description": "Allow traffic between users to our nginx servers",
            "egress": [
              {
                "cidr_blocks": [
                  "0.0.0.0/0"
                ],
                "description": "",
                "from_port": 0,
                "ipv6_cidr_blocks": [],
                "prefix_list_ids": [],
                "protocol": "-1",
                "security_groups": [],
                "self": false,
                "to_port": 0
              }
            ],
            "id": "sg-03c6c4076fc8dff95",
            "ingress": [
              {
                "cidr_blocks": [
                  "0.0.0.0/0"
                ],
                "description": "",
                "from_port": 80,
                "ipv6_cidr_blocks": [],
                "prefix_list_ids": [],
                "protocol": "tcp",
                "security_groups": [],
                "self": false,
                "to_port": 80
              }
            ],
            "name": "secGrpNginx",
            "name_prefix": "",
            "owner_id": "528910777322",
            "revoke_rules_on_delete": false,
            "tags": {
              "secGrpNginx": "true"
            },
            "timeouts": null,
            "vpc_id": "vpc-0a060c61d89e2806b"
          },
          "private": "eyJlMmJmYjczMC1lY2FhLTExZTYtOGY4OC0zNDM2M2JjN2M0YzAiOnsiY3JlYXRlIjo2MDAwMDAwMDAwMDAsImRlbGV0ZSI6NjAwMDAwMDAwMDAwfSwic2NoZW1hX3ZlcnNpb24iOiIxIn0=",
          "dependencies": [
            "module.vpc.aws_vpc.vpcOne"
          ]
        }
      ]
    },
    {
      "module": "module.sec_group",
      "mode": "managed",
      "type": "aws_security_group",
      "name": "secGrpRDS",
      "provider": "provider[\"registry.terraform.io/hashicorp/aws\"]",
      "instances": [
        {
          "schema_version": 1,
          "attributes": {
            "arn": "arn:aws:ec2:us-east-2:528910777322:security-group/sg-016d5deb0aaff0ba0",
            "description": "Allow traffic between nginx VM to App VM",
            "egress": [
              {
                "cidr_blocks": [
                  "0.0.0.0/0"
                ],
                "description": "",
                "from_port": 0,
                "ipv6_cidr_blocks": [],
                "prefix_list_ids": [],
                "protocol": "-1",
                "security_groups": [],
                "self": false,
                "to_port": 0
              }
            ],
            "id": "sg-016d5deb0aaff0ba0",
            "ingress": [
              {
                "cidr_blocks": [
                  "10.0.2.0/24"
                ],
                "description": "",
                "from_port": 80,
                "ipv6_cidr_blocks": [],
                "prefix_list_ids": [],
                "protocol": "tcp",
                "security_groups": [],
                "self": false,
                "to_port": 80
              }
            ],
            "name": "secGrpRDS",
            "name_prefix": "",
            "owner_id": "528910777322",
            "revoke_rules_on_delete": false,
            "tags": {
              "secGrpRDS": "true"
            },
            "timeouts": null,
            "vpc_id": "vpc-0a060c61d89e2806b"
          },
          "private": "eyJlMmJmYjczMC1lY2FhLTExZTYtOGY4OC0zNDM2M2JjN2M0YzAiOnsiY3JlYXRlIjo2MDAwMDAwMDAwMDAsImRlbGV0ZSI6NjAwMDAwMDAwMDAwfSwic2NoZW1hX3ZlcnNpb24iOiIxIn0=",
          "dependencies": [
            "module.vpc.aws_vpc.vpcOne"
          ]
        }
      ]
    },
    {
      "module": "module.vpc",
      "mode": "managed",
      "type": "aws_subnet",
      "name": "segment_private",
      "provider": "provider[\"registry.terraform.io/hashicorp/aws\"]",
      "instances": [
        {
          "schema_version": 1,
          "attributes": {
            "arn": "arn:aws:ec2:us-east-2:528910777322:subnet/subnet-0621076f482757647",
            "assign_ipv6_address_on_creation": false,
            "availability_zone": "us-east-2c",
            "availability_zone_id": "use2-az3",
            "cidr_block": "10.0.2.0/24",
            "customer_owned_ipv4_pool": "",
            "id": "subnet-0621076f482757647",
            "ipv6_cidr_block": "",
            "ipv6_cidr_block_association_id": "",
            "map_customer_owned_ip_on_launch": false,
            "map_public_ip_on_launch": false,
            "outpost_arn": "",
            "owner_id": "528910777322",
            "tags": {
              "Name": "segment_private"
            },
            "timeouts": null,
            "vpc_id": "vpc-0a060c61d89e2806b"
          },
          "private": "eyJlMmJmYjczMC1lY2FhLTExZTYtOGY4OC0zNDM2M2JjN2M0YzAiOnsiY3JlYXRlIjo2MDAwMDAwMDAwMDAsImRlbGV0ZSI6MTIwMDAwMDAwMDAwMH0sInNjaGVtYV92ZXJzaW9uIjoiMSJ9",
          "dependencies": [
            "module.vpc.aws_vpc.vpcOne"
          ]
        }
      ]
    },
    {
      "module": "module.vpc",
      "mode": "managed",
      "type": "aws_subnet",
      "name": "segment_public",
      "provider": "provider[\"registry.terraform.io/hashicorp/aws\"]",
      "instances": [
        {
          "schema_version": 1,
          "attributes": {
            "arn": "arn:aws:ec2:us-east-2:528910777322:subnet/subnet-04f8d356b3ce0eefe",
            "assign_ipv6_address_on_creation": false,
            "availability_zone": "us-east-2c",
            "availability_zone_id": "use2-az3",
            "cidr_block": "10.0.1.0/24",
            "customer_owned_ipv4_pool": "",
            "id": "subnet-04f8d356b3ce0eefe",
            "ipv6_cidr_block": "",
            "ipv6_cidr_block_association_id": "",
            "map_customer_owned_ip_on_launch": false,
            "map_public_ip_on_launch": true,
            "outpost_arn": "",
            "owner_id": "528910777322",
            "tags": {
              "Name": "segment_public"
            },
            "timeouts": null,
            "vpc_id": "vpc-0a060c61d89e2806b"
          },
          "private": "eyJlMmJmYjczMC1lY2FhLTExZTYtOGY4OC0zNDM2M2JjN2M0YzAiOnsiY3JlYXRlIjo2MDAwMDAwMDAwMDAsImRlbGV0ZSI6MTIwMDAwMDAwMDAwMH0sInNjaGVtYV92ZXJzaW9uIjoiMSJ9",
          "dependencies": [
            "module.vpc.aws_vpc.vpcOne"
          ]
        }
      ]
    },
    {
      "module": "module.vpc",
      "mode": "managed",
      "type": "aws_vpc",
      "name": "vpcOne",
      "provider": "provider[\"registry.terraform.io/hashicorp/aws\"]",
      "instances": [
        {
          "schema_version": 1,
          "attributes": {
            "arn": "arn:aws:ec2:us-east-2:528910777322:vpc/vpc-0a060c61d89e2806b",
            "assign_generated_ipv6_cidr_block": false,
            "cidr_block": "10.0.0.0/16",
            "default_network_acl_id": "acl-0ad4c9b77a1367651",
            "default_route_table_id": "rtb-08e31eff422103fbd",
            "default_security_group_id": "sg-02a0976a02705b34c",
            "dhcp_options_id": "dopt-d59b0bbe",
            "enable_classiclink": null,
            "enable_classiclink_dns_support": null,
            "enable_dns_hostnames": true,
            "enable_dns_support": true,
            "id": "vpc-0a060c61d89e2806b",
            "instance_tenancy": "default",
            "ipv6_association_id": "",
            "ipv6_cidr_block": "",
            "main_route_table_id": "rtb-08e31eff422103fbd",
            "owner_id": "528910777322",
            "tags": {
              "Name": "vpcOne"
            }
          },
          "private": "eyJzY2hlbWFfdmVyc2lvbiI6IjEifQ=="
        }
      ]
    }
  ]
}
