{
  "version": 4,
  "terraform_version": "0.13.6",
  "serial": 58,
  "lineage": "e7ca9ebc-3bd1-1044-830b-b46693c2d3da",
  "outputs": {},
  "resources": [
    {
      "module": "module.Nginx_instances",
      "mode": "managed",
      "type": "aws_instance",
      "name": "nginxPetOne",
      "provider": "provider[\"registry.terraform.io/hashicorp/aws\"]",
      "instances": [
        {
          "schema_version": 1,
          "attributes": {
            "ami": "ami-0a91cd140a1fc148a",
            "arn": "arn:aws:ec2:us-east-2:528910777322:instance/i-0507b06bf2b4850ee",
            "associate_public_ip_address": true,
            "availability_zone": "us-east-2c",
            "cpu_core_count": 1,
            "cpu_threads_per_core": 1,
            "credit_specification": [
              {
                "cpu_credits": "standard"
              }
            ],
            "disable_api_termination": false,
            "ebs_block_device": [],
            "ebs_optimized": false,
            "enclave_options": [
              {
                "enabled": false
              }
            ],
            "ephemeral_block_device": [],
            "get_password_data": false,
            "hibernation": false,
            "host_id": null,
            "iam_instance_profile": "",
            "id": "i-0507b06bf2b4850ee",
            "instance_initiated_shutdown_behavior": null,
            "instance_state": "running",
            "instance_type": "t2.micro",
            "ipv6_address_count": 0,
            "ipv6_addresses": [],
            "key_name": "",
            "metadata_options": [
              {
                "http_endpoint": "enabled",
                "http_put_response_hop_limit": 1,
                "http_tokens": "optional"
              }
            ],
            "monitoring": false,
            "network_interface": [],
            "outpost_arn": "",
            "password_data": "",
            "placement_group": "",
            "primary_network_interface_id": "eni-0e65dad5daa36916e",
            "private_dns": "ip-10-0-1-63.us-east-2.compute.internal",
            "private_ip": "10.0.1.63",
            "public_dns": "ec2-3-19-240-155.us-east-2.compute.amazonaws.com",
            "public_ip": "3.19.240.155",
            "root_block_device": [
              {
                "delete_on_termination": true,
                "device_name": "/dev/sda1",
                "encrypted": false,
                "iops": 100,
                "kms_key_id": "",
                "tags": {},
                "throughput": 0,
                "volume_id": "vol-00d6b78fe08a2d538",
                "volume_size": 8,
                "volume_type": "gp2"
              }
            ],
            "secondary_private_ips": [],
            "security_groups": [],
            "source_dest_check": true,
            "subnet_id": "subnet-0f66ce1c5d4c6aca0",
            "tags": {
              "Name": "nginxPetOne"
            },
            "tenancy": "default",
            "timeouts": null,
            "user_data": "9cfb708c5474178793b11248592e268cf7c111a4",
            "user_data_base64": null,
            "volume_tags": null,
            "vpc_security_group_ids": [
              "sg-0344a9060ac75bf18"
            ]
          },
          "private": "eyJlMmJmYjczMC1lY2FhLTExZTYtOGY4OC0zNDM2M2JjN2M0YzAiOnsiY3JlYXRlIjo2MDAwMDAwMDAwMDAsImRlbGV0ZSI6MTIwMDAwMDAwMDAwMCwidXBkYXRlIjo2MDAwMDAwMDAwMDB9LCJzY2hlbWFfdmVyc2lvbiI6IjEifQ==",
          "dependencies": [
            "module.sec_group.aws_security_group.secGrpNginx",
            "module.vpc.aws_subnet.segment_public",
            "module.vpc.aws_vpc.vpcOne"
          ]
        }
      ]
    },
    {
      "module": "module.Nginx_instances",
      "mode": "managed",
      "type": "aws_instance",
      "name": "nginxPetTwo",
      "provider": "provider[\"registry.terraform.io/hashicorp/aws\"]",
      "instances": [
        {
          "schema_version": 1,
          "attributes": {
            "ami": "ami-0a91cd140a1fc148a",
            "arn": "arn:aws:ec2:us-east-2:528910777322:instance/i-093bb25c497199583",
            "associate_public_ip_address": true,
            "availability_zone": "us-east-2c",
            "cpu_core_count": 1,
            "cpu_threads_per_core": 1,
            "credit_specification": [
              {
                "cpu_credits": "standard"
              }
            ],
            "disable_api_termination": false,
            "ebs_block_device": [],
            "ebs_optimized": false,
            "enclave_options": [
              {
                "enabled": false
              }
            ],
            "ephemeral_block_device": [],
            "get_password_data": false,
            "hibernation": false,
            "host_id": null,
            "iam_instance_profile": "",
            "id": "i-093bb25c497199583",
            "instance_initiated_shutdown_behavior": null,
            "instance_state": "running",
            "instance_type": "t2.micro",
            "ipv6_address_count": 0,
            "ipv6_addresses": [],
            "key_name": "",
            "metadata_options": [
              {
                "http_endpoint": "enabled",
                "http_put_response_hop_limit": 1,
                "http_tokens": "optional"
              }
            ],
            "monitoring": false,
            "network_interface": [],
            "outpost_arn": "",
            "password_data": "",
            "placement_group": "",
            "primary_network_interface_id": "eni-0ccae8be9d1a4b4c9",
            "private_dns": "ip-10-0-1-45.us-east-2.compute.internal",
            "private_ip": "10.0.1.45",
            "public_dns": "ec2-18-188-245-240.us-east-2.compute.amazonaws.com",
            "public_ip": "18.188.245.240",
            "root_block_device": [
              {
                "delete_on_termination": true,
                "device_name": "/dev/sda1",
                "encrypted": false,
                "iops": 100,
                "kms_key_id": "",
                "tags": {},
                "throughput": 0,
                "volume_id": "vol-0b435436a5e5e4e25",
                "volume_size": 8,
                "volume_type": "gp2"
              }
            ],
            "secondary_private_ips": [],
            "security_groups": [],
            "source_dest_check": true,
            "subnet_id": "subnet-0f66ce1c5d4c6aca0",
            "tags": {
              "Name": "nginxPetTwo"
            },
            "tenancy": "default",
            "timeouts": null,
            "user_data": "9cfb708c5474178793b11248592e268cf7c111a4",
            "user_data_base64": null,
            "volume_tags": null,
            "vpc_security_group_ids": [
              "sg-0344a9060ac75bf18"
            ]
          },
          "private": "eyJlMmJmYjczMC1lY2FhLTExZTYtOGY4OC0zNDM2M2JjN2M0YzAiOnsiY3JlYXRlIjo2MDAwMDAwMDAwMDAsImRlbGV0ZSI6MTIwMDAwMDAwMDAwMCwidXBkYXRlIjo2MDAwMDAwMDAwMDB9LCJzY2hlbWFfdmVyc2lvbiI6IjEifQ==",
          "dependencies": [
            "module.sec_group.aws_security_group.secGrpNginx",
            "module.vpc.aws_subnet.segment_public",
            "module.vpc.aws_vpc.vpcOne"
          ]
        }
      ]
    },
    {
      "module": "module.app_instances",
      "mode": "managed",
      "type": "aws_instance",
      "name": "appPetOne",
      "provider": "provider[\"registry.terraform.io/hashicorp/aws\"]",
      "instances": [
        {
          "schema_version": 1,
          "attributes": {
            "ami": "ami-0a91cd140a1fc148a",
            "arn": "arn:aws:ec2:us-east-2:528910777322:instance/i-04727ac08bafe37cf",
            "associate_public_ip_address": false,
            "availability_zone": "us-east-2a",
            "cpu_core_count": 1,
            "cpu_threads_per_core": 1,
            "credit_specification": [
              {
                "cpu_credits": "standard"
              }
            ],
            "disable_api_termination": false,
            "ebs_block_device": [],
            "ebs_optimized": false,
            "enclave_options": [
              {
                "enabled": false
              }
            ],
            "ephemeral_block_device": [],
            "get_password_data": false,
            "hibernation": false,
            "host_id": null,
            "iam_instance_profile": "",
            "id": "i-04727ac08bafe37cf",
            "instance_initiated_shutdown_behavior": null,
            "instance_state": "running",
            "instance_type": "t2.micro",
            "ipv6_address_count": 0,
            "ipv6_addresses": [],
            "key_name": "",
            "metadata_options": [
              {
                "http_endpoint": "enabled",
                "http_put_response_hop_limit": 1,
                "http_tokens": "optional"
              }
            ],
            "monitoring": false,
            "network_interface": [],
            "outpost_arn": "",
            "password_data": "",
            "placement_group": "",
            "primary_network_interface_id": "eni-08a272087bf95f0ec",
            "private_dns": "ip-10-0-2-177.us-east-2.compute.internal",
            "private_ip": "10.0.2.177",
            "public_dns": "",
            "public_ip": "",
            "root_block_device": [
              {
                "delete_on_termination": true,
                "device_name": "/dev/sda1",
                "encrypted": false,
                "iops": 100,
                "kms_key_id": "",
                "tags": {},
                "throughput": 0,
                "volume_id": "vol-0bcf7a4427c077b55",
                "volume_size": 8,
                "volume_type": "gp2"
              }
            ],
            "secondary_private_ips": [],
            "security_groups": [],
            "source_dest_check": true,
            "subnet_id": "subnet-0c88770bb4352e079",
            "tags": {
              "Name": "appPetOne"
            },
            "tenancy": "default",
            "timeouts": null,
            "user_data": "7f4fd0c86bd2e44a049b48df4e017f270b5a484b",
            "user_data_base64": null,
            "volume_tags": null,
            "vpc_security_group_ids": [
              "sg-0d451165c694cf3e3"
            ]
          },
          "private": "eyJlMmJmYjczMC1lY2FhLTExZTYtOGY4OC0zNDM2M2JjN2M0YzAiOnsiY3JlYXRlIjo2MDAwMDAwMDAwMDAsImRlbGV0ZSI6MTIwMDAwMDAwMDAwMCwidXBkYXRlIjo2MDAwMDAwMDAwMDB9LCJzY2hlbWFfdmVyc2lvbiI6IjEifQ==",
          "dependencies": [
            "module.sec_group.aws_security_group.secGrpApp",
            "module.vpc.aws_subnet.segment_private",
            "module.vpc.aws_vpc.vpcOne"
          ]
        }
      ]
    },
    {
      "module": "module.app_instances",
      "mode": "managed",
      "type": "aws_instance",
      "name": "appPetTwo",
      "provider": "provider[\"registry.terraform.io/hashicorp/aws\"]",
      "instances": [
        {
          "schema_version": 1,
          "attributes": {
            "ami": "ami-0a91cd140a1fc148a",
            "arn": "arn:aws:ec2:us-east-2:528910777322:instance/i-0b93bc4a22c003a7a",
            "associate_public_ip_address": false,
            "availability_zone": "us-east-2a",
            "cpu_core_count": 1,
            "cpu_threads_per_core": 1,
            "credit_specification": [
              {
                "cpu_credits": "standard"
              }
            ],
            "disable_api_termination": false,
            "ebs_block_device": [],
            "ebs_optimized": false,
            "enclave_options": [
              {
                "enabled": false
              }
            ],
            "ephemeral_block_device": [],
            "get_password_data": false,
            "hibernation": false,
            "host_id": null,
            "iam_instance_profile": "",
            "id": "i-0b93bc4a22c003a7a",
            "instance_initiated_shutdown_behavior": null,
            "instance_state": "running",
            "instance_type": "t2.micro",
            "ipv6_address_count": 0,
            "ipv6_addresses": [],
            "key_name": "",
            "metadata_options": [
              {
                "http_endpoint": "enabled",
                "http_put_response_hop_limit": 1,
                "http_tokens": "optional"
              }
            ],
            "monitoring": false,
            "network_interface": [],
            "outpost_arn": "",
            "password_data": "",
            "placement_group": "",
            "primary_network_interface_id": "eni-05bca4f1a77dcfef1",
            "private_dns": "ip-10-0-2-217.us-east-2.compute.internal",
            "private_ip": "10.0.2.217",
            "public_dns": "",
            "public_ip": "",
            "root_block_device": [
              {
                "delete_on_termination": true,
                "device_name": "/dev/sda1",
                "encrypted": false,
                "iops": 100,
                "kms_key_id": "",
                "tags": {},
                "throughput": 0,
                "volume_id": "vol-08c721fe68f283fbe",
                "volume_size": 8,
                "volume_type": "gp2"
              }
            ],
            "secondary_private_ips": [],
            "security_groups": [],
            "source_dest_check": true,
            "subnet_id": "subnet-0c88770bb4352e079",
            "tags": {
              "Name": "appPetTwo"
            },
            "tenancy": "default",
            "timeouts": null,
            "user_data": "7f4fd0c86bd2e44a049b48df4e017f270b5a484b",
            "user_data_base64": null,
            "volume_tags": null,
            "vpc_security_group_ids": [
              "sg-0d451165c694cf3e3"
            ]
          },
          "private": "eyJlMmJmYjczMC1lY2FhLTExZTYtOGY4OC0zNDM2M2JjN2M0YzAiOnsiY3JlYXRlIjo2MDAwMDAwMDAwMDAsImRlbGV0ZSI6MTIwMDAwMDAwMDAwMCwidXBkYXRlIjo2MDAwMDAwMDAwMDB9LCJzY2hlbWFfdmVyc2lvbiI6IjEifQ==",
          "dependencies": [
            "module.sec_group.aws_security_group.secGrpApp",
            "module.vpc.aws_subnet.segment_private",
            "module.vpc.aws_vpc.vpcOne"
          ]
        }
      ]
    },
    {
      "module": "module.gateways",
      "mode": "managed",
      "type": "aws_eip",
      "name": "elastic_ip",
      "provider": "provider[\"registry.terraform.io/hashicorp/aws\"]",
      "instances": [
        {
          "schema_version": 0,
          "attributes": {
            "allocation_id": null,
            "associate_with_private_ip": null,
            "association_id": "",
            "carrier_ip": "",
            "customer_owned_ip": "",
            "customer_owned_ipv4_pool": "",
            "domain": "vpc",
            "id": "eipalloc-03a80457a66fba2cf",
            "instance": "",
            "network_border_group": "us-east-2",
            "network_interface": "",
            "private_dns": null,
            "private_ip": "",
            "public_dns": "ec2-3-142-104-155.us-east-2.compute.amazonaws.com",
            "public_ip": "3.142.104.155",
            "public_ipv4_pool": "amazon",
            "tags": null,
            "timeouts": null,
            "vpc": true
          },
          "private": "eyJlMmJmYjczMC1lY2FhLTExZTYtOGY4OC0zNDM2M2JjN2M0YzAiOnsiZGVsZXRlIjoxODAwMDAwMDAwMDAsInJlYWQiOjkwMDAwMDAwMDAwMCwidXBkYXRlIjozMDAwMDAwMDAwMDB9fQ=="
        }
      ]
    },
    {
      "module": "module.gateways",
      "mode": "managed",
      "type": "aws_internet_gateway",
      "name": "Public_gateway",
      "provider": "provider[\"registry.terraform.io/hashicorp/aws\"]",
      "instances": [
        {
          "schema_version": 0,
          "attributes": {
            "arn": "arn:aws:ec2:us-east-2:528910777322:internet-gateway/igw-0dbe0e7b2287cd824",
            "id": "igw-0dbe0e7b2287cd824",
            "owner_id": "528910777322",
            "tags": {
              "name": "Public_gateway"
            },
            "vpc_id": "vpc-08327c33a60dc4ae2"
          },
          "private": "bnVsbA==",
          "dependencies": [
            "module.vpc.aws_vpc.vpcOne"
          ]
        }
      ]
    },
    {
      "module": "module.gateways",
      "mode": "managed",
      "type": "aws_nat_gateway",
      "name": "nat_gateway",
      "provider": "provider[\"registry.terraform.io/hashicorp/aws\"]",
      "instances": [
        {
          "schema_version": 0,
          "attributes": {
            "allocation_id": "eipalloc-03a80457a66fba2cf",
            "id": "nat-05f1db990b7bec195",
            "network_interface_id": "eni-060c25d46934ddea0",
            "private_ip": "10.0.1.131",
            "public_ip": "3.142.104.155",
            "subnet_id": "subnet-0f66ce1c5d4c6aca0",
            "tags": {
              "Name": "nat-gateway"
            }
          },
          "private": "bnVsbA==",
          "dependencies": [
            "module.gateways.aws_eip.elastic_ip",
            "module.vpc.aws_subnet.segment_public",
            "module.vpc.aws_vpc.vpcOne"
          ]
        }
      ]
    },
    {
      "module": "module.gateways",
      "mode": "managed",
      "type": "aws_route_table",
      "name": "NAT_route_table",
      "provider": "provider[\"registry.terraform.io/hashicorp/aws\"]",
      "instances": [
        {
          "schema_version": 0,
          "attributes": {
            "id": "rtb-0a3316c3ab186a1cb",
            "owner_id": "528910777322",
            "propagating_vgws": [],
            "route": [
              {
                "cidr_block": "0.0.0.0/0",
                "egress_only_gateway_id": "",
                "gateway_id": "nat-05f1db990b7bec195",
                "instance_id": "",
                "ipv6_cidr_block": "",
                "local_gateway_id": "",
                "nat_gateway_id": "",
                "network_interface_id": "",
                "transit_gateway_id": "",
                "vpc_endpoint_id": "",
                "vpc_peering_connection_id": ""
              }
            ],
            "tags": {
              "Name": "NAT-route-table"
            },
            "vpc_id": "vpc-08327c33a60dc4ae2"
          },
          "private": "bnVsbA==",
          "dependencies": [
            "module.gateways.aws_eip.elastic_ip",
            "module.gateways.aws_nat_gateway.nat_gateway",
            "module.vpc.aws_subnet.segment_public",
            "module.vpc.aws_vpc.vpcOne"
          ]
        }
      ]
    },
    {
      "module": "module.gateways",
      "mode": "managed",
      "type": "aws_route_table",
      "name": "route_table_Public_gateway",
      "provider": "provider[\"registry.terraform.io/hashicorp/aws\"]",
      "instances": [
        {
          "schema_version": 0,
          "attributes": {
            "id": "rtb-094505ef2f91aedac",
            "owner_id": "528910777322",
            "propagating_vgws": [],
            "route": [
              {
                "cidr_block": "0.0.0.0/0",
                "egress_only_gateway_id": "",
                "gateway_id": "igw-0dbe0e7b2287cd824",
                "instance_id": "",
                "ipv6_cidr_block": "",
                "local_gateway_id": "",
                "nat_gateway_id": "",
                "network_interface_id": "",
                "transit_gateway_id": "",
                "vpc_endpoint_id": "",
                "vpc_peering_connection_id": ""
              }
            ],
            "tags": {
              "Name": "route_table_Public_gateway"
            },
            "vpc_id": "vpc-08327c33a60dc4ae2"
          },
          "private": "bnVsbA==",
          "dependencies": [
            "module.gateways.aws_internet_gateway.Public_gateway",
            "module.vpc.aws_vpc.vpcOne"
          ]
        }
      ]
    },
    {
      "module": "module.gateways",
      "mode": "managed",
      "type": "aws_route_table_association",
      "name": "associate_route_table_to_private_subnet",
      "provider": "provider[\"registry.terraform.io/hashicorp/aws\"]",
      "instances": [
        {
          "schema_version": 0,
          "attributes": {
            "gateway_id": null,
            "id": "rtbassoc-06ff077150853dbd2",
            "route_table_id": "rtb-0a3316c3ab186a1cb",
            "subnet_id": "subnet-0c88770bb4352e079"
          },
          "private": "bnVsbA==",
          "dependencies": [
            "module.gateways.aws_eip.elastic_ip",
            "module.gateways.aws_nat_gateway.nat_gateway",
            "module.gateways.aws_route_table.NAT_route_table",
            "module.vpc.aws_subnet.segment_private",
            "module.vpc.aws_subnet.segment_public",
            "module.vpc.aws_vpc.vpcOne"
          ]
        }
      ]
    },
    {
      "module": "module.gateways",
      "mode": "managed",
      "type": "aws_route_table_association",
      "name": "subnet-association",
      "provider": "provider[\"registry.terraform.io/hashicorp/aws\"]",
      "instances": [
        {
          "schema_version": 0,
          "attributes": {
            "gateway_id": null,
            "id": "rtbassoc-0fcfb72d59681fff6",
            "route_table_id": "rtb-094505ef2f91aedac",
            "subnet_id": "subnet-0f66ce1c5d4c6aca0"
          },
          "private": "bnVsbA==",
          "dependencies": [
            "module.gateways.aws_internet_gateway.Public_gateway",
            "module.gateways.aws_route_table.route_table_Public_gateway",
            "module.vpc.aws_subnet.segment_public",
            "module.vpc.aws_vpc.vpcOne"
          ]
        }
      ]
    },
    {
      "module": "module.load_balancers",
      "mode": "managed",
      "type": "aws_elb",
      "name": "petClinicPrivateELB",
      "provider": "provider[\"registry.terraform.io/hashicorp/aws\"]",
      "instances": [
        {
          "schema_version": 0,
          "attributes": {
            "access_logs": [],
            "arn": "arn:aws:elasticloadbalancing:us-east-2:528910777322:loadbalancer/petClinicPrivateELB",
            "availability_zones": [
              "us-east-2a"
            ],
            "connection_draining": false,
            "connection_draining_timeout": 300,
            "cross_zone_load_balancing": true,
            "dns_name": "internal-petClinicPrivateELB-178589847.us-east-2.elb.amazonaws.com",
            "health_check": [
              {
                "healthy_threshold": 2,
                "interval": 30,
                "target": "HTTP:8080/",
                "timeout": 3,
                "unhealthy_threshold": 2
              }
            ],
            "id": "petClinicPrivateELB",
            "idle_timeout": 400,
            "instances": [
              "i-04727ac08bafe37cf",
              "i-0b93bc4a22c003a7a"
            ],
            "internal": true,
            "listener": [
              {
                "instance_port": 8080,
                "instance_protocol": "http",
                "lb_port": 80,
                "lb_protocol": "http",
                "ssl_certificate_id": ""
              }
            ],
            "name": "petClinicPrivateELB",
            "name_prefix": null,
            "security_groups": [
              "sg-0d451165c694cf3e3"
            ],
            "source_security_group": "528910777322/secGrpApp",
            "source_security_group_id": "sg-0d451165c694cf3e3",
            "subnets": [
              "subnet-0c88770bb4352e079"
            ],
            "tags": {
              "Name": "petClinicPrivateELB"
            },
            "zone_id": "Z3AADJGX6KTTL2"
          },
          "private": "bnVsbA==",
          "dependencies": [
            "module.app_instances.aws_instance.appPetOne",
            "module.app_instances.aws_instance.appPetTwo",
            "module.sec_group.aws_security_group.secGrpApp",
            "module.vpc.aws_subnet.segment_private",
            "module.vpc.aws_vpc.vpcOne"
          ]
        }
      ]
    },
    {
      "module": "module.load_balancers",
      "mode": "managed",
      "type": "aws_elb",
      "name": "petClinicPublicELB",
      "provider": "provider[\"registry.terraform.io/hashicorp/aws\"]",
      "instances": [
        {
          "schema_version": 0,
          "attributes": {
            "access_logs": [],
            "arn": "arn:aws:elasticloadbalancing:us-east-2:528910777322:loadbalancer/petClinicPublicELB",
            "availability_zones": [
              "us-east-2c"
            ],
            "connection_draining": false,
            "connection_draining_timeout": 300,
            "cross_zone_load_balancing": true,
            "dns_name": "petClinicPublicELB-339777113.us-east-2.elb.amazonaws.com",
            "health_check": [
              {
                "healthy_threshold": 2,
                "interval": 30,
                "target": "HTTP:80/",
                "timeout": 3,
                "unhealthy_threshold": 2
              }
            ],
            "id": "petClinicPublicELB",
            "idle_timeout": 400,
            "instances": [
              "i-0507b06bf2b4850ee",
              "i-093bb25c497199583"
            ],
            "internal": false,
            "listener": [
              {
                "instance_port": 80,
                "instance_protocol": "http",
                "lb_port": 80,
                "lb_protocol": "http",
                "ssl_certificate_id": ""
              }
            ],
            "name": "petClinicPublicELB",
            "name_prefix": null,
            "security_groups": [
              "sg-0344a9060ac75bf18"
            ],
            "source_security_group": "528910777322/secGrpNginx",
            "source_security_group_id": "sg-0344a9060ac75bf18",
            "subnets": [
              "subnet-0f66ce1c5d4c6aca0"
            ],
            "tags": {
              "Name": "petClinicPublicELB"
            },
            "zone_id": "Z3AADJGX6KTTL2"
          },
          "private": "bnVsbA==",
          "dependencies": [
            "module.Nginx_instances.aws_instance.nginxPetOne",
            "module.Nginx_instances.aws_instance.nginxPetTwo",
            "module.sec_group.aws_security_group.secGrpNginx",
            "module.vpc.aws_subnet.segment_public",
            "module.vpc.aws_vpc.vpcOne"
          ]
        }
      ]
    },
    {
      "module": "module.sec_group",
      "mode": "managed",
      "type": "aws_security_group",
      "name": "secGrpApp",
      "provider": "provider[\"registry.terraform.io/hashicorp/aws\"]",
      "instances": [
        {
          "schema_version": 1,
          "attributes": {
            "arn": "arn:aws:ec2:us-east-2:528910777322:security-group/sg-0d451165c694cf3e3",
            "description": "Allow traffic between nginx VM to App VM",
            "egress": [
              {
                "cidr_blocks": [
                  "0.0.0.0/0"
                ],
                "description": "",
                "from_port": 0,
                "ipv6_cidr_blocks": [],
                "prefix_list_ids": [],
                "protocol": "-1",
                "security_groups": [],
                "self": false,
                "to_port": 0
              }
            ],
            "id": "sg-0d451165c694cf3e3",
            "ingress": [
              {
                "cidr_blocks": [
                  "10.0.1.0/24"
                ],
                "description": "",
                "from_port": 80,
                "ipv6_cidr_blocks": [],
                "prefix_list_ids": [],
                "protocol": "tcp",
                "security_groups": [],
                "self": false,
                "to_port": 80
              }
            ],
            "name": "secGrpApp",
            "name_prefix": "",
            "owner_id": "528910777322",
            "revoke_rules_on_delete": false,
            "tags": {
              "secGrpApp": "true"
            },
            "timeouts": null,
            "vpc_id": "vpc-08327c33a60dc4ae2"
          },
          "private": "eyJlMmJmYjczMC1lY2FhLTExZTYtOGY4OC0zNDM2M2JjN2M0YzAiOnsiY3JlYXRlIjo2MDAwMDAwMDAwMDAsImRlbGV0ZSI6NjAwMDAwMDAwMDAwfSwic2NoZW1hX3ZlcnNpb24iOiIxIn0=",
          "dependencies": [
            "module.vpc.aws_vpc.vpcOne"
          ]
        }
      ]
    },
    {
      "module": "module.sec_group",
      "mode": "managed",
      "type": "aws_security_group",
      "name": "secGrpNginx",
      "provider": "provider[\"registry.terraform.io/hashicorp/aws\"]",
      "instances": [
        {
          "schema_version": 1,
          "attributes": {
            "arn": "arn:aws:ec2:us-east-2:528910777322:security-group/sg-0344a9060ac75bf18",
            "description": "Allow traffic between users to our nginx servers",
            "egress": [
              {
                "cidr_blocks": [
                  "0.0.0.0/0"
                ],
                "description": "",
                "from_port": 0,
                "ipv6_cidr_blocks": [],
                "prefix_list_ids": [],
                "protocol": "-1",
                "security_groups": [],
                "self": false,
                "to_port": 0
              }
            ],
            "id": "sg-0344a9060ac75bf18",
            "ingress": [
              {
                "cidr_blocks": [
                  "0.0.0.0/0"
                ],
                "description": "",
                "from_port": 80,
                "ipv6_cidr_blocks": [],
                "prefix_list_ids": [],
                "protocol": "tcp",
                "security_groups": [],
                "self": false,
                "to_port": 80
              }
            ],
            "name": "secGrpNginx",
            "name_prefix": "",
            "owner_id": "528910777322",
            "revoke_rules_on_delete": false,
            "tags": {
              "secGrpNginx": "true"
            },
            "timeouts": null,
            "vpc_id": "vpc-08327c33a60dc4ae2"
          },
          "private": "eyJlMmJmYjczMC1lY2FhLTExZTYtOGY4OC0zNDM2M2JjN2M0YzAiOnsiY3JlYXRlIjo2MDAwMDAwMDAwMDAsImRlbGV0ZSI6NjAwMDAwMDAwMDAwfSwic2NoZW1hX3ZlcnNpb24iOiIxIn0=",
          "dependencies": [
            "module.vpc.aws_vpc.vpcOne"
          ]
        }
      ]
    },
    {
      "module": "module.sec_group",
      "mode": "managed",
      "type": "aws_security_group",
      "name": "secGrpRDS",
      "provider": "provider[\"registry.terraform.io/hashicorp/aws\"]",
      "instances": [
        {
          "schema_version": 1,
          "attributes": {
            "arn": "arn:aws:ec2:us-east-2:528910777322:security-group/sg-02404830662af57b6",
            "description": "Allow traffic between nginx VM to App VM",
            "egress": [
              {
                "cidr_blocks": [
                  "0.0.0.0/0"
                ],
                "description": "",
                "from_port": 0,
                "ipv6_cidr_blocks": [],
                "prefix_list_ids": [],
                "protocol": "-1",
                "security_groups": [],
                "self": false,
                "to_port": 0
              }
            ],
            "id": "sg-02404830662af57b6",
            "ingress": [
              {
                "cidr_blocks": [
                  "10.0.2.0/24"
                ],
                "description": "",
                "from_port": 80,
                "ipv6_cidr_blocks": [],
                "prefix_list_ids": [],
                "protocol": "tcp",
                "security_groups": [],
                "self": false,
                "to_port": 80
              }
            ],
            "name": "secGrpRDS",
            "name_prefix": "",
            "owner_id": "528910777322",
            "revoke_rules_on_delete": false,
            "tags": {
              "secGrpRDS": "true"
            },
            "timeouts": null,
            "vpc_id": "vpc-08327c33a60dc4ae2"
          },
          "private": "eyJlMmJmYjczMC1lY2FhLTExZTYtOGY4OC0zNDM2M2JjN2M0YzAiOnsiY3JlYXRlIjo2MDAwMDAwMDAwMDAsImRlbGV0ZSI6NjAwMDAwMDAwMDAwfSwic2NoZW1hX3ZlcnNpb24iOiIxIn0=",
          "dependencies": [
            "module.vpc.aws_vpc.vpcOne"
          ]
        }
      ]
    },
    {
      "module": "module.vpc",
      "mode": "managed",
      "type": "aws_subnet",
      "name": "segment_private",
      "provider": "provider[\"registry.terraform.io/hashicorp/aws\"]",
      "instances": [
        {
          "schema_version": 1,
          "attributes": {
            "arn": "arn:aws:ec2:us-east-2:528910777322:subnet/subnet-0c88770bb4352e079",
            "assign_ipv6_address_on_creation": false,
            "availability_zone": "us-east-2a",
            "availability_zone_id": "use2-az1",
            "cidr_block": "10.0.2.0/24",
            "customer_owned_ipv4_pool": "",
            "id": "subnet-0c88770bb4352e079",
            "ipv6_cidr_block": "",
            "ipv6_cidr_block_association_id": "",
            "map_customer_owned_ip_on_launch": false,
            "map_public_ip_on_launch": false,
            "outpost_arn": "",
            "owner_id": "528910777322",
            "tags": {
              "Name": "segment_private"
            },
            "timeouts": null,
            "vpc_id": "vpc-08327c33a60dc4ae2"
          },
          "private": "eyJlMmJmYjczMC1lY2FhLTExZTYtOGY4OC0zNDM2M2JjN2M0YzAiOnsiY3JlYXRlIjo2MDAwMDAwMDAwMDAsImRlbGV0ZSI6MTIwMDAwMDAwMDAwMH0sInNjaGVtYV92ZXJzaW9uIjoiMSJ9",
          "dependencies": [
            "module.vpc.aws_vpc.vpcOne"
          ]
        }
      ]
    },
    {
      "module": "module.vpc",
      "mode": "managed",
      "type": "aws_subnet",
      "name": "segment_public",
      "provider": "provider[\"registry.terraform.io/hashicorp/aws\"]",
      "instances": [
        {
          "schema_version": 1,
          "attributes": {
            "arn": "arn:aws:ec2:us-east-2:528910777322:subnet/subnet-0f66ce1c5d4c6aca0",
            "assign_ipv6_address_on_creation": false,
            "availability_zone": "us-east-2c",
            "availability_zone_id": "use2-az3",
            "cidr_block": "10.0.1.0/24",
            "customer_owned_ipv4_pool": "",
            "id": "subnet-0f66ce1c5d4c6aca0",
            "ipv6_cidr_block": "",
            "ipv6_cidr_block_association_id": "",
            "map_customer_owned_ip_on_launch": false,
            "map_public_ip_on_launch": true,
            "outpost_arn": "",
            "owner_id": "528910777322",
            "tags": {
              "Name": "segment_public"
            },
            "timeouts": null,
            "vpc_id": "vpc-08327c33a60dc4ae2"
          },
          "private": "eyJlMmJmYjczMC1lY2FhLTExZTYtOGY4OC0zNDM2M2JjN2M0YzAiOnsiY3JlYXRlIjo2MDAwMDAwMDAwMDAsImRlbGV0ZSI6MTIwMDAwMDAwMDAwMH0sInNjaGVtYV92ZXJzaW9uIjoiMSJ9",
          "dependencies": [
            "module.vpc.aws_vpc.vpcOne"
          ]
        }
      ]
    },
    {
      "module": "module.vpc",
      "mode": "managed",
      "type": "aws_vpc",
      "name": "vpcOne",
      "provider": "provider[\"registry.terraform.io/hashicorp/aws\"]",
      "instances": [
        {
          "schema_version": 1,
          "attributes": {
            "arn": "arn:aws:ec2:us-east-2:528910777322:vpc/vpc-08327c33a60dc4ae2",
            "assign_generated_ipv6_cidr_block": false,
            "cidr_block": "10.0.0.0/16",
            "default_network_acl_id": "acl-021e2dbc8c5ee1b5e",
            "default_route_table_id": "rtb-00ff44bcea413133f",
            "default_security_group_id": "sg-0fc97f22eea00c46d",
            "dhcp_options_id": "dopt-d59b0bbe",
            "enable_classiclink": null,
            "enable_classiclink_dns_support": null,
            "enable_dns_hostnames": true,
            "enable_dns_support": true,
            "id": "vpc-08327c33a60dc4ae2",
            "instance_tenancy": "default",
            "ipv6_association_id": "",
            "ipv6_cidr_block": "",
            "main_route_table_id": "rtb-00ff44bcea413133f",
            "owner_id": "528910777322",
            "tags": {
              "Name": "vpcOne"
            }
          },
          "private": "eyJzY2hlbWFfdmVyc2lvbiI6IjEifQ=="
        }
      ]
    }
  ]
}
