{
  "version": 4,
  "terraform_version": "0.13.6",
  "serial": 113,
  "lineage": "e7ca9ebc-3bd1-1044-830b-b46693c2d3da",
  "outputs": {},
  "resources": [
    {
      "module": "module.Nginx_instances",
      "mode": "managed",
      "type": "aws_instance",
      "name": "nginxPetOne",
      "provider": "provider[\"registry.terraform.io/hashicorp/aws\"]",
      "instances": [
        {
          "schema_version": 1,
          "attributes": {
            "ami": "ami-0a91cd140a1fc148a",
            "arn": "arn:aws:ec2:us-east-2:528910777322:instance/i-012762871883d7ed9",
            "associate_public_ip_address": true,
            "availability_zone": "us-east-2a",
            "cpu_core_count": 1,
            "cpu_threads_per_core": 1,
            "credit_specification": [
              {
                "cpu_credits": "standard"
              }
            ],
            "disable_api_termination": false,
            "ebs_block_device": [],
            "ebs_optimized": false,
            "enclave_options": [
              {
                "enabled": false
              }
            ],
            "ephemeral_block_device": [],
            "get_password_data": false,
            "hibernation": false,
            "host_id": null,
            "iam_instance_profile": "",
            "id": "i-012762871883d7ed9",
            "instance_initiated_shutdown_behavior": null,
            "instance_state": "running",
            "instance_type": "t2.micro",
            "ipv6_address_count": 0,
            "ipv6_addresses": [],
            "key_name": "",
            "metadata_options": [
              {
                "http_endpoint": "enabled",
                "http_put_response_hop_limit": 1,
                "http_tokens": "optional"
              }
            ],
            "monitoring": false,
            "network_interface": [],
            "outpost_arn": "",
            "password_data": "",
            "placement_group": "",
            "primary_network_interface_id": "eni-0b91a37d3df34f82a",
            "private_dns": "ip-10-0-0-180.us-east-2.compute.internal",
            "private_ip": "10.0.0.180",
            "public_dns": "ec2-52-14-252-187.us-east-2.compute.amazonaws.com",
            "public_ip": "52.14.252.187",
            "root_block_device": [
              {
                "delete_on_termination": true,
                "device_name": "/dev/sda1",
                "encrypted": false,
                "iops": 100,
                "kms_key_id": "",
                "tags": {},
                "throughput": 0,
                "volume_id": "vol-0b78f88b71d3824bd",
                "volume_size": 8,
                "volume_type": "gp2"
              }
            ],
            "secondary_private_ips": [],
            "security_groups": [],
            "source_dest_check": true,
            "subnet_id": "subnet-0dc4cbfc61439839b",
            "tags": {
              "Name": "nginxPetOne"
            },
            "tenancy": "default",
            "timeouts": null,
            "user_data": "c6df775fa8bed1c309fc87c927c9a247d431b0e7",
            "user_data_base64": null,
            "volume_tags": null,
            "vpc_security_group_ids": [
              "sg-0df5356e1c5684410"
            ]
          },
          "private": "eyJlMmJmYjczMC1lY2FhLTExZTYtOGY4OC0zNDM2M2JjN2M0YzAiOnsiY3JlYXRlIjo2MDAwMDAwMDAwMDAsImRlbGV0ZSI6MTIwMDAwMDAwMDAwMCwidXBkYXRlIjo2MDAwMDAwMDAwMDB9LCJzY2hlbWFfdmVyc2lvbiI6IjEifQ==",
          "dependencies": [
            "module.sec_group.aws_security_group.secGrpNginx",
            "module.vpc.aws_subnet.segment_public1",
            "module.vpc.aws_vpc.vpcOne"
          ]
        }
      ]
    },
    {
      "module": "module.Nginx_instances",
      "mode": "managed",
      "type": "aws_instance",
      "name": "nginxPetTwo",
      "provider": "provider[\"registry.terraform.io/hashicorp/aws\"]",
      "instances": [
        {
          "schema_version": 1,
          "attributes": {
            "ami": "ami-0a91cd140a1fc148a",
            "arn": "arn:aws:ec2:us-east-2:528910777322:instance/i-03a2056e5cf5dbc10",
            "associate_public_ip_address": true,
            "availability_zone": "us-east-2b",
            "cpu_core_count": 1,
            "cpu_threads_per_core": 1,
            "credit_specification": [
              {
                "cpu_credits": "standard"
              }
            ],
            "disable_api_termination": false,
            "ebs_block_device": [],
            "ebs_optimized": false,
            "enclave_options": [
              {
                "enabled": false
              }
            ],
            "ephemeral_block_device": [],
            "get_password_data": false,
            "hibernation": false,
            "host_id": null,
            "iam_instance_profile": "",
            "id": "i-03a2056e5cf5dbc10",
            "instance_initiated_shutdown_behavior": null,
            "instance_state": "running",
            "instance_type": "t2.micro",
            "ipv6_address_count": 0,
            "ipv6_addresses": [],
            "key_name": "",
            "metadata_options": [
              {
                "http_endpoint": "enabled",
                "http_put_response_hop_limit": 1,
                "http_tokens": "optional"
              }
            ],
            "monitoring": false,
            "network_interface": [],
            "outpost_arn": "",
            "password_data": "",
            "placement_group": "",
            "primary_network_interface_id": "eni-075a1debbdd953ab1",
            "private_dns": "ip-10-0-1-129.us-east-2.compute.internal",
            "private_ip": "10.0.1.129",
            "public_dns": "ec2-3-22-194-176.us-east-2.compute.amazonaws.com",
            "public_ip": "3.22.194.176",
            "root_block_device": [
              {
                "delete_on_termination": true,
                "device_name": "/dev/sda1",
                "encrypted": false,
                "iops": 100,
                "kms_key_id": "",
                "tags": {},
                "throughput": 0,
                "volume_id": "vol-019c4d96d6741b906",
                "volume_size": 8,
                "volume_type": "gp2"
              }
            ],
            "secondary_private_ips": [],
            "security_groups": [],
            "source_dest_check": true,
            "subnet_id": "subnet-0e2d87ca74ae3db50",
            "tags": {
              "Name": "nginxPetTwo"
            },
            "tenancy": "default",
            "timeouts": null,
            "user_data": "c6df775fa8bed1c309fc87c927c9a247d431b0e7",
            "user_data_base64": null,
            "volume_tags": null,
            "vpc_security_group_ids": [
              "sg-0df5356e1c5684410"
            ]
          },
          "private": "eyJlMmJmYjczMC1lY2FhLTExZTYtOGY4OC0zNDM2M2JjN2M0YzAiOnsiY3JlYXRlIjo2MDAwMDAwMDAwMDAsImRlbGV0ZSI6MTIwMDAwMDAwMDAwMCwidXBkYXRlIjo2MDAwMDAwMDAwMDB9LCJzY2hlbWFfdmVyc2lvbiI6IjEifQ==",
          "dependencies": [
            "module.sec_group.aws_security_group.secGrpNginx",
            "module.vpc.aws_subnet.segment_public2",
            "module.vpc.aws_vpc.vpcOne"
          ]
        }
      ]
    },
    {
      "module": "module.app_instances",
      "mode": "managed",
      "type": "aws_instance",
      "name": "appPetOne",
      "provider": "provider[\"registry.terraform.io/hashicorp/aws\"]",
      "instances": [
        {
          "schema_version": 1,
          "attributes": {
            "ami": "ami-0a91cd140a1fc148a",
            "arn": "arn:aws:ec2:us-east-2:528910777322:instance/i-06889682340ca62e0",
            "associate_public_ip_address": false,
            "availability_zone": "us-east-2a",
            "cpu_core_count": 1,
            "cpu_threads_per_core": 1,
            "credit_specification": [
              {
                "cpu_credits": "standard"
              }
            ],
            "disable_api_termination": false,
            "ebs_block_device": [],
            "ebs_optimized": false,
            "enclave_options": [
              {
                "enabled": false
              }
            ],
            "ephemeral_block_device": [],
            "get_password_data": false,
            "hibernation": false,
            "host_id": null,
            "iam_instance_profile": "",
            "id": "i-06889682340ca62e0",
            "instance_initiated_shutdown_behavior": null,
            "instance_state": "running",
            "instance_type": "t2.micro",
            "ipv6_address_count": 0,
            "ipv6_addresses": [],
            "key_name": "",
            "metadata_options": [
              {
                "http_endpoint": "enabled",
                "http_put_response_hop_limit": 1,
                "http_tokens": "optional"
              }
            ],
            "monitoring": false,
            "network_interface": [],
            "outpost_arn": "",
            "password_data": "",
            "placement_group": "",
            "primary_network_interface_id": "eni-014264fece2175ab0",
            "private_dns": "ip-10-0-10-201.us-east-2.compute.internal",
            "private_ip": "10.0.10.201",
            "public_dns": "",
            "public_ip": "",
            "root_block_device": [
              {
                "delete_on_termination": true,
                "device_name": "/dev/sda1",
                "encrypted": false,
                "iops": 100,
                "kms_key_id": "",
                "tags": {},
                "throughput": 0,
                "volume_id": "vol-0831d47509d49678f",
                "volume_size": 8,
                "volume_type": "gp2"
              }
            ],
            "secondary_private_ips": [],
            "security_groups": [],
            "source_dest_check": true,
            "subnet_id": "subnet-08951e79842fbb582",
            "tags": {
              "Name": "appPetOne"
            },
            "tenancy": "default",
            "timeouts": null,
            "user_data": "7f4fd0c86bd2e44a049b48df4e017f270b5a484b",
            "user_data_base64": null,
            "volume_tags": null,
            "vpc_security_group_ids": [
              "sg-0acf2f2e51bfe85f3"
            ]
          },
          "private": "eyJlMmJmYjczMC1lY2FhLTExZTYtOGY4OC0zNDM2M2JjN2M0YzAiOnsiY3JlYXRlIjo2MDAwMDAwMDAwMDAsImRlbGV0ZSI6MTIwMDAwMDAwMDAwMCwidXBkYXRlIjo2MDAwMDAwMDAwMDB9LCJzY2hlbWFfdmVyc2lvbiI6IjEifQ==",
          "dependencies": [
            "module.sec_group.aws_security_group.secGrpApp",
            "module.vpc.aws_subnet.segment_private1",
            "module.vpc.aws_vpc.vpcOne"
          ]
        }
      ]
    },
    {
      "module": "module.app_instances",
      "mode": "managed",
      "type": "aws_instance",
      "name": "appPetTwo",
      "provider": "provider[\"registry.terraform.io/hashicorp/aws\"]",
      "instances": [
        {
          "schema_version": 1,
          "attributes": {
            "ami": "ami-0a91cd140a1fc148a",
            "arn": "arn:aws:ec2:us-east-2:528910777322:instance/i-0bfa805980a2cd73b",
            "associate_public_ip_address": false,
            "availability_zone": "us-east-2b",
            "cpu_core_count": 1,
            "cpu_threads_per_core": 1,
            "credit_specification": [
              {
                "cpu_credits": "standard"
              }
            ],
            "disable_api_termination": false,
            "ebs_block_device": [],
            "ebs_optimized": false,
            "enclave_options": [
              {
                "enabled": false
              }
            ],
            "ephemeral_block_device": [],
            "get_password_data": false,
            "hibernation": false,
            "host_id": null,
            "iam_instance_profile": "",
            "id": "i-0bfa805980a2cd73b",
            "instance_initiated_shutdown_behavior": null,
            "instance_state": "running",
            "instance_type": "t2.micro",
            "ipv6_address_count": 0,
            "ipv6_addresses": [],
            "key_name": "",
            "metadata_options": [
              {
                "http_endpoint": "enabled",
                "http_put_response_hop_limit": 1,
                "http_tokens": "optional"
              }
            ],
            "monitoring": false,
            "network_interface": [],
            "outpost_arn": "",
            "password_data": "",
            "placement_group": "",
            "primary_network_interface_id": "eni-0d0b426a432dca135",
            "private_dns": "ip-10-0-11-164.us-east-2.compute.internal",
            "private_ip": "10.0.11.164",
            "public_dns": "",
            "public_ip": "",
            "root_block_device": [
              {
                "delete_on_termination": true,
                "device_name": "/dev/sda1",
                "encrypted": false,
                "iops": 100,
                "kms_key_id": "",
                "tags": {},
                "throughput": 0,
                "volume_id": "vol-0230c64ab0b2825f7",
                "volume_size": 8,
                "volume_type": "gp2"
              }
            ],
            "secondary_private_ips": [],
            "security_groups": [],
            "source_dest_check": true,
            "subnet_id": "subnet-0642392fd9f1ea39f",
            "tags": {
              "Name": "appPetTwo"
            },
            "tenancy": "default",
            "timeouts": null,
            "user_data": "7f4fd0c86bd2e44a049b48df4e017f270b5a484b",
            "user_data_base64": null,
            "volume_tags": null,
            "vpc_security_group_ids": [
              "sg-0acf2f2e51bfe85f3"
            ]
          },
          "private": "eyJlMmJmYjczMC1lY2FhLTExZTYtOGY4OC0zNDM2M2JjN2M0YzAiOnsiY3JlYXRlIjo2MDAwMDAwMDAwMDAsImRlbGV0ZSI6MTIwMDAwMDAwMDAwMCwidXBkYXRlIjo2MDAwMDAwMDAwMDB9LCJzY2hlbWFfdmVyc2lvbiI6IjEifQ==",
          "dependencies": [
            "module.sec_group.aws_security_group.secGrpApp",
            "module.vpc.aws_subnet.segment_private2",
            "module.vpc.aws_vpc.vpcOne"
          ]
        }
      ]
    },
    {
      "module": "module.gateways",
      "mode": "managed",
      "type": "aws_eip",
      "name": "elastic_ip1",
      "provider": "provider[\"registry.terraform.io/hashicorp/aws\"]",
      "instances": [
        {
          "schema_version": 0,
          "attributes": {
            "allocation_id": null,
            "associate_with_private_ip": null,
            "association_id": "",
            "carrier_ip": "",
            "customer_owned_ip": "",
            "customer_owned_ipv4_pool": "",
            "domain": "vpc",
            "id": "eipalloc-07788606295c3c033",
            "instance": "",
            "network_border_group": "us-east-2",
            "network_interface": "",
            "private_dns": null,
            "private_ip": "",
            "public_dns": "ec2-3-22-113-194.us-east-2.compute.amazonaws.com",
            "public_ip": "3.22.113.194",
            "public_ipv4_pool": "amazon",
            "tags": null,
            "timeouts": null,
            "vpc": true
          },
          "private": "eyJlMmJmYjczMC1lY2FhLTExZTYtOGY4OC0zNDM2M2JjN2M0YzAiOnsiZGVsZXRlIjoxODAwMDAwMDAwMDAsInJlYWQiOjkwMDAwMDAwMDAwMCwidXBkYXRlIjozMDAwMDAwMDAwMDB9fQ=="
        }
      ]
    },
    {
      "module": "module.gateways",
      "mode": "managed",
      "type": "aws_eip",
      "name": "elastic_ip2",
      "provider": "provider[\"registry.terraform.io/hashicorp/aws\"]",
      "instances": [
        {
          "schema_version": 0,
          "attributes": {
            "allocation_id": null,
            "associate_with_private_ip": null,
            "association_id": "",
            "carrier_ip": "",
            "customer_owned_ip": "",
            "customer_owned_ipv4_pool": "",
            "domain": "vpc",
            "id": "eipalloc-0e733400039eb94dd",
            "instance": "",
            "network_border_group": "us-east-2",
            "network_interface": "",
            "private_dns": null,
            "private_ip": "",
            "public_dns": "ec2-3-142-32-38.us-east-2.compute.amazonaws.com",
            "public_ip": "3.142.32.38",
            "public_ipv4_pool": "amazon",
            "tags": null,
            "timeouts": null,
            "vpc": true
          },
          "private": "eyJlMmJmYjczMC1lY2FhLTExZTYtOGY4OC0zNDM2M2JjN2M0YzAiOnsiZGVsZXRlIjoxODAwMDAwMDAwMDAsInJlYWQiOjkwMDAwMDAwMDAwMCwidXBkYXRlIjozMDAwMDAwMDAwMDB9fQ=="
        }
      ]
    },
    {
      "module": "module.gateways",
      "mode": "managed",
      "type": "aws_internet_gateway",
      "name": "Public_gateway",
      "provider": "provider[\"registry.terraform.io/hashicorp/aws\"]",
      "instances": [
        {
          "schema_version": 0,
          "attributes": {
            "arn": "arn:aws:ec2:us-east-2:528910777322:internet-gateway/igw-0d6a549ed13839f3f",
            "id": "igw-0d6a549ed13839f3f",
            "owner_id": "528910777322",
            "tags": {
              "name": "Public_gateway"
            },
            "vpc_id": "vpc-05c9e66b89de4003a"
          },
          "private": "bnVsbA==",
          "dependencies": [
            "module.vpc.aws_vpc.vpcOne"
          ]
        }
      ]
    },
    {
      "module": "module.gateways",
      "mode": "managed",
      "type": "aws_nat_gateway",
      "name": "nat_gateway1",
      "provider": "provider[\"registry.terraform.io/hashicorp/aws\"]",
      "instances": [
        {
          "schema_version": 0,
          "attributes": {
            "allocation_id": "eipalloc-07788606295c3c033",
            "id": "nat-092c3e526bc6b9ad4",
            "network_interface_id": "eni-03c434b76abea78ca",
            "private_ip": "10.0.0.188",
            "public_ip": "3.22.113.194",
            "subnet_id": "subnet-0dc4cbfc61439839b",
            "tags": {
              "Name": "nat-gateway"
            }
          },
          "private": "bnVsbA==",
          "dependencies": [
            "module.gateways.aws_eip.elastic_ip1",
            "module.vpc.aws_subnet.segment_public1",
            "module.vpc.aws_vpc.vpcOne"
          ]
        }
      ]
    },
    {
      "module": "module.gateways",
      "mode": "managed",
      "type": "aws_nat_gateway",
      "name": "nat_gateway2",
      "provider": "provider[\"registry.terraform.io/hashicorp/aws\"]",
      "instances": [
        {
          "schema_version": 0,
          "attributes": {
            "allocation_id": "eipalloc-0e733400039eb94dd",
            "id": "nat-006612c30b8d93ffb",
            "network_interface_id": "eni-0ffc316d0696dee79",
            "private_ip": "10.0.1.95",
            "public_ip": "3.142.32.38",
            "subnet_id": "subnet-0e2d87ca74ae3db50",
            "tags": {
              "Name": "nat-gateway"
            }
          },
          "private": "bnVsbA==",
          "dependencies": [
            "module.gateways.aws_eip.elastic_ip2",
            "module.vpc.aws_subnet.segment_public2",
            "module.vpc.aws_vpc.vpcOne"
          ]
        }
      ]
    },
    {
      "module": "module.gateways",
      "mode": "managed",
      "type": "aws_route_table",
      "name": "NAT_route_table1",
      "provider": "provider[\"registry.terraform.io/hashicorp/aws\"]",
      "instances": [
        {
          "schema_version": 0,
          "attributes": {
            "id": "rtb-0a694af1a4ebc989b",
            "owner_id": "528910777322",
            "propagating_vgws": [],
            "route": [
              {
                "cidr_block": "0.0.0.0/0",
                "egress_only_gateway_id": "",
                "gateway_id": "nat-092c3e526bc6b9ad4",
                "instance_id": "",
                "ipv6_cidr_block": "",
                "local_gateway_id": "",
                "nat_gateway_id": "",
                "network_interface_id": "",
                "transit_gateway_id": "",
                "vpc_endpoint_id": "",
                "vpc_peering_connection_id": ""
              }
            ],
            "tags": {
              "Name": "NAT-route-table"
            },
            "vpc_id": "vpc-05c9e66b89de4003a"
          },
          "private": "bnVsbA==",
          "dependencies": [
            "module.gateways.aws_eip.elastic_ip1",
            "module.gateways.aws_nat_gateway.nat_gateway1",
            "module.vpc.aws_subnet.segment_public1",
            "module.vpc.aws_vpc.vpcOne"
          ]
        }
      ]
    },
    {
      "module": "module.gateways",
      "mode": "managed",
      "type": "aws_route_table",
      "name": "NAT_route_table2",
      "provider": "provider[\"registry.terraform.io/hashicorp/aws\"]",
      "instances": [
        {
          "schema_version": 0,
          "attributes": {
            "id": "rtb-06ae28a73d2c0ebd6",
            "owner_id": "528910777322",
            "propagating_vgws": [],
            "route": [
              {
                "cidr_block": "0.0.0.0/0",
                "egress_only_gateway_id": "",
                "gateway_id": "nat-006612c30b8d93ffb",
                "instance_id": "",
                "ipv6_cidr_block": "",
                "local_gateway_id": "",
                "nat_gateway_id": "",
                "network_interface_id": "",
                "transit_gateway_id": "",
                "vpc_endpoint_id": "",
                "vpc_peering_connection_id": ""
              }
            ],
            "tags": {
              "Name": "NAT-route-table"
            },
            "vpc_id": "vpc-05c9e66b89de4003a"
          },
          "private": "bnVsbA==",
          "dependencies": [
            "module.gateways.aws_eip.elastic_ip2",
            "module.gateways.aws_nat_gateway.nat_gateway2",
            "module.vpc.aws_subnet.segment_public2",
            "module.vpc.aws_vpc.vpcOne"
          ]
        }
      ]
    },
    {
      "module": "module.gateways",
      "mode": "managed",
      "type": "aws_route_table",
      "name": "route_table_Public_gateway",
      "provider": "provider[\"registry.terraform.io/hashicorp/aws\"]",
      "instances": [
        {
          "schema_version": 0,
          "attributes": {
            "id": "rtb-020d4f9c392b7c3c0",
            "owner_id": "528910777322",
            "propagating_vgws": [],
            "route": [
              {
                "cidr_block": "0.0.0.0/0",
                "egress_only_gateway_id": "",
                "gateway_id": "igw-0d6a549ed13839f3f",
                "instance_id": "",
                "ipv6_cidr_block": "",
                "local_gateway_id": "",
                "nat_gateway_id": "",
                "network_interface_id": "",
                "transit_gateway_id": "",
                "vpc_endpoint_id": "",
                "vpc_peering_connection_id": ""
              }
            ],
            "tags": {
              "Name": "route_table_Public_gateway"
            },
            "vpc_id": "vpc-05c9e66b89de4003a"
          },
          "private": "bnVsbA==",
          "dependencies": [
            "module.gateways.aws_internet_gateway.Public_gateway",
            "module.vpc.aws_vpc.vpcOne"
          ]
        }
      ]
    },
    {
      "module": "module.gateways",
      "mode": "managed",
      "type": "aws_route_table_association",
      "name": "associate_route_table_to_private_subnet1",
      "provider": "provider[\"registry.terraform.io/hashicorp/aws\"]",
      "instances": [
        {
          "schema_version": 0,
          "attributes": {
            "gateway_id": null,
            "id": "rtbassoc-02f0425f3a4e060eb",
            "route_table_id": "rtb-0a694af1a4ebc989b",
            "subnet_id": "subnet-08951e79842fbb582"
          },
          "private": "bnVsbA==",
          "dependencies": [
            "module.gateways.aws_eip.elastic_ip1",
            "module.gateways.aws_nat_gateway.nat_gateway1",
            "module.gateways.aws_route_table.NAT_route_table1",
            "module.vpc.aws_subnet.segment_private1",
            "module.vpc.aws_subnet.segment_public1",
            "module.vpc.aws_vpc.vpcOne"
          ]
        }
      ]
    },
    {
      "module": "module.gateways",
      "mode": "managed",
      "type": "aws_route_table_association",
      "name": "associate_route_table_to_private_subnet2",
      "provider": "provider[\"registry.terraform.io/hashicorp/aws\"]",
      "instances": [
        {
          "schema_version": 0,
          "attributes": {
            "gateway_id": null,
            "id": "rtbassoc-09b0fca70bf7e4be2",
            "route_table_id": "rtb-06ae28a73d2c0ebd6",
            "subnet_id": "subnet-0642392fd9f1ea39f"
          },
          "private": "bnVsbA==",
          "dependencies": [
            "module.gateways.aws_eip.elastic_ip2",
            "module.gateways.aws_nat_gateway.nat_gateway2",
            "module.gateways.aws_route_table.NAT_route_table2",
            "module.vpc.aws_subnet.segment_private2",
            "module.vpc.aws_subnet.segment_public2",
            "module.vpc.aws_vpc.vpcOne"
          ]
        }
      ]
    },
    {
      "module": "module.gateways",
      "mode": "managed",
      "type": "aws_route_table_association",
      "name": "subnet-association1",
      "provider": "provider[\"registry.terraform.io/hashicorp/aws\"]",
      "instances": [
        {
          "schema_version": 0,
          "attributes": {
            "gateway_id": null,
            "id": "rtbassoc-0bc25d5b25acd78f4",
            "route_table_id": "rtb-020d4f9c392b7c3c0",
            "subnet_id": "subnet-0dc4cbfc61439839b"
          },
          "private": "bnVsbA==",
          "dependencies": [
            "module.gateways.aws_internet_gateway.Public_gateway",
            "module.gateways.aws_route_table.route_table_Public_gateway",
            "module.vpc.aws_subnet.segment_public1",
            "module.vpc.aws_vpc.vpcOne"
          ]
        }
      ]
    },
    {
      "module": "module.gateways",
      "mode": "managed",
      "type": "aws_route_table_association",
      "name": "subnet-association2",
      "provider": "provider[\"registry.terraform.io/hashicorp/aws\"]",
      "instances": [
        {
          "schema_version": 0,
          "attributes": {
            "gateway_id": null,
            "id": "rtbassoc-0d7e921ae0e80d277",
            "route_table_id": "rtb-020d4f9c392b7c3c0",
            "subnet_id": "subnet-0e2d87ca74ae3db50"
          },
          "private": "bnVsbA==",
          "dependencies": [
            "module.gateways.aws_internet_gateway.Public_gateway",
            "module.gateways.aws_route_table.route_table_Public_gateway",
            "module.vpc.aws_subnet.segment_public2",
            "module.vpc.aws_vpc.vpcOne"
          ]
        }
      ]
    },
    {
      "module": "module.load_balancers",
      "mode": "managed",
      "type": "aws_alb",
      "name": "petClinicPrivateALB",
      "provider": "provider[\"registry.terraform.io/hashicorp/aws\"]",
      "instances": [
        {
          "schema_version": 0,
          "attributes": {
            "access_logs": [
              {
                "bucket": "",
                "enabled": false,
                "prefix": ""
              }
            ],
            "arn": "arn:aws:elasticloadbalancing:us-east-2:528910777322:loadbalancer/app/petClinicPrivateALB/fa56e3b20f300044",
            "arn_suffix": "app/petClinicPrivateALB/fa56e3b20f300044",
            "customer_owned_ipv4_pool": "",
            "dns_name": "petClinicPrivateALB-1502128474.us-east-2.elb.amazonaws.com",
            "drop_invalid_header_fields": false,
            "enable_cross_zone_load_balancing": null,
            "enable_deletion_protection": false,
            "enable_http2": true,
            "id": "arn:aws:elasticloadbalancing:us-east-2:528910777322:loadbalancer/app/petClinicPrivateALB/fa56e3b20f300044",
            "idle_timeout": 60,
            "internal": false,
            "ip_address_type": "ipv4",
            "load_balancer_type": "application",
            "name": "petClinicPrivateALB",
            "name_prefix": null,
            "security_groups": [
              "sg-0acf2f2e51bfe85f3"
            ],
            "subnet_mapping": [
              {
                "allocation_id": "",
                "ipv6_address": "",
                "outpost_id": "",
                "private_ipv4_address": "",
                "subnet_id": "subnet-0642392fd9f1ea39f"
              },
              {
                "allocation_id": "",
                "ipv6_address": "",
                "outpost_id": "",
                "private_ipv4_address": "",
                "subnet_id": "subnet-08951e79842fbb582"
              }
            ],
            "subnets": [
              "subnet-0642392fd9f1ea39f",
              "subnet-08951e79842fbb582"
            ],
            "tags": null,
            "timeouts": null,
            "vpc_id": "vpc-05c9e66b89de4003a",
            "zone_id": "Z3AADJGX6KTTL2"
          },
          "private": "eyJlMmJmYjczMC1lY2FhLTExZTYtOGY4OC0zNDM2M2JjN2M0YzAiOnsiY3JlYXRlIjo2MDAwMDAwMDAwMDAsImRlbGV0ZSI6NjAwMDAwMDAwMDAwLCJ1cGRhdGUiOjYwMDAwMDAwMDAwMH19",
          "dependencies": [
            "module.sec_group.aws_security_group.secGrpApp",
            "module.vpc.aws_subnet.segment_private1",
            "module.vpc.aws_subnet.segment_private2",
            "module.vpc.aws_vpc.vpcOne"
          ]
        }
      ]
    },
    {
      "module": "module.load_balancers",
      "mode": "managed",
      "type": "aws_lb",
      "name": "petClinicPublicALB",
      "provider": "provider[\"registry.terraform.io/hashicorp/aws\"]",
      "instances": [
        {
          "schema_version": 0,
          "attributes": {
            "access_logs": [
              {
                "bucket": "",
                "enabled": false,
                "prefix": ""
              }
            ],
            "arn": "arn:aws:elasticloadbalancing:us-east-2:528910777322:loadbalancer/app/petClinicPublicALB/f899d3b39874237c",
            "arn_suffix": "app/petClinicPublicALB/f899d3b39874237c",
            "customer_owned_ipv4_pool": "",
            "dns_name": "petClinicPublicALB-203706357.us-east-2.elb.amazonaws.com",
            "drop_invalid_header_fields": false,
            "enable_cross_zone_load_balancing": null,
            "enable_deletion_protection": false,
            "enable_http2": true,
            "id": "arn:aws:elasticloadbalancing:us-east-2:528910777322:loadbalancer/app/petClinicPublicALB/f899d3b39874237c",
            "idle_timeout": 60,
            "internal": false,
            "ip_address_type": "ipv4",
            "load_balancer_type": "application",
            "name": "petClinicPublicALB",
            "name_prefix": null,
            "security_groups": [
              "sg-0df5356e1c5684410"
            ],
            "subnet_mapping": [
              {
                "allocation_id": "",
                "ipv6_address": "",
                "outpost_id": "",
                "private_ipv4_address": "",
                "subnet_id": "subnet-0dc4cbfc61439839b"
              },
              {
                "allocation_id": "",
                "ipv6_address": "",
                "outpost_id": "",
                "private_ipv4_address": "",
                "subnet_id": "subnet-0e2d87ca74ae3db50"
              }
            ],
            "subnets": [
              "subnet-0dc4cbfc61439839b",
              "subnet-0e2d87ca74ae3db50"
            ],
            "tags": null,
            "timeouts": null,
            "vpc_id": "vpc-05c9e66b89de4003a",
            "zone_id": "Z3AADJGX6KTTL2"
          },
          "private": "eyJlMmJmYjczMC1lY2FhLTExZTYtOGY4OC0zNDM2M2JjN2M0YzAiOnsiY3JlYXRlIjo2MDAwMDAwMDAwMDAsImRlbGV0ZSI6NjAwMDAwMDAwMDAwLCJ1cGRhdGUiOjYwMDAwMDAwMDAwMH19",
          "dependencies": [
            "module.sec_group.aws_security_group.secGrpNginx",
            "module.vpc.aws_subnet.segment_public1",
            "module.vpc.aws_subnet.segment_public2",
            "module.vpc.aws_vpc.vpcOne"
          ]
        }
      ]
    },
    {
      "module": "module.load_balancers",
      "mode": "managed",
      "type": "aws_lb_listener",
      "name": "app",
      "provider": "provider[\"registry.terraform.io/hashicorp/aws\"]",
      "instances": [
        {
          "schema_version": 0,
          "attributes": {
            "arn": "arn:aws:elasticloadbalancing:us-east-2:528910777322:listener/app/petClinicPublicALB/f899d3b39874237c/bc23b831a5893667",
            "certificate_arn": null,
            "default_action": [
              {
                "authenticate_cognito": [],
                "authenticate_oidc": [],
                "fixed_response": [],
                "forward": [],
                "order": 1,
                "redirect": [],
                "target_group_arn": "arn:aws:elasticloadbalancing:us-east-2:528910777322:targetgroup/app-tg/3879e3b57e3c4452",
                "type": "forward"
              }
            ],
            "id": "arn:aws:elasticloadbalancing:us-east-2:528910777322:listener/app/petClinicPublicALB/f899d3b39874237c/bc23b831a5893667",
            "load_balancer_arn": "arn:aws:elasticloadbalancing:us-east-2:528910777322:loadbalancer/app/petClinicPublicALB/f899d3b39874237c",
            "port": 8080,
            "protocol": "HTTP",
            "ssl_policy": "",
            "timeouts": null
          },
          "private": "eyJlMmJmYjczMC1lY2FhLTExZTYtOGY4OC0zNDM2M2JjN2M0YzAiOnsicmVhZCI6NjAwMDAwMDAwMDAwfX0=",
          "dependencies": [
            "module.load_balancers.aws_lb.petClinicPublicALB",
            "module.load_balancers.aws_lb_target_group.app_tg",
            "module.sec_group.aws_security_group.secGrpNginx",
            "module.vpc.aws_subnet.segment_public1",
            "module.vpc.aws_subnet.segment_public2",
            "module.vpc.aws_vpc.vpcOne"
          ]
        }
      ]
    },
    {
      "module": "module.load_balancers",
      "mode": "managed",
      "type": "aws_lb_listener",
      "name": "front_end",
      "provider": "provider[\"registry.terraform.io/hashicorp/aws\"]",
      "instances": [
        {
          "schema_version": 0,
          "attributes": {
            "arn": "arn:aws:elasticloadbalancing:us-east-2:528910777322:listener/app/petClinicPublicALB/f899d3b39874237c/c49909868695956d",
            "certificate_arn": null,
            "default_action": [
              {
                "authenticate_cognito": [],
                "authenticate_oidc": [],
                "fixed_response": [],
                "forward": [],
                "order": 1,
                "redirect": [],
                "target_group_arn": "arn:aws:elasticloadbalancing:us-east-2:528910777322:targetgroup/nginx-tg/b7091f2536b0127a",
                "type": "forward"
              }
            ],
            "id": "arn:aws:elasticloadbalancing:us-east-2:528910777322:listener/app/petClinicPublicALB/f899d3b39874237c/c49909868695956d",
            "load_balancer_arn": "arn:aws:elasticloadbalancing:us-east-2:528910777322:loadbalancer/app/petClinicPublicALB/f899d3b39874237c",
            "port": 80,
            "protocol": "HTTP",
            "ssl_policy": "",
            "timeouts": null
          },
          "private": "eyJlMmJmYjczMC1lY2FhLTExZTYtOGY4OC0zNDM2M2JjN2M0YzAiOnsicmVhZCI6NjAwMDAwMDAwMDAwfX0=",
          "dependencies": [
            "module.load_balancers.aws_lb.petClinicPublicALB",
            "module.load_balancers.aws_lb_target_group.nginx_tg",
            "module.sec_group.aws_security_group.secGrpNginx",
            "module.vpc.aws_subnet.segment_public1",
            "module.vpc.aws_subnet.segment_public2",
            "module.vpc.aws_vpc.vpcOne"
          ]
        }
      ]
    },
    {
      "module": "module.load_balancers",
      "mode": "managed",
      "type": "aws_lb_target_group",
      "name": "app_tg",
      "provider": "provider[\"registry.terraform.io/hashicorp/aws\"]",
      "instances": [
        {
          "schema_version": 0,
          "attributes": {
            "arn": "arn:aws:elasticloadbalancing:us-east-2:528910777322:targetgroup/app-tg/3879e3b57e3c4452",
            "arn_suffix": "targetgroup/app-tg/3879e3b57e3c4452",
            "deregistration_delay": 300,
            "health_check": [
              {
                "enabled": true,
                "healthy_threshold": 5,
                "interval": 30,
                "matcher": "200",
                "path": "/",
                "port": "traffic-port",
                "protocol": "HTTP",
                "timeout": 5,
                "unhealthy_threshold": 2
              }
            ],
            "id": "arn:aws:elasticloadbalancing:us-east-2:528910777322:targetgroup/app-tg/3879e3b57e3c4452",
            "lambda_multi_value_headers_enabled": false,
            "load_balancing_algorithm_type": "round_robin",
            "name": "app-tg",
            "name_prefix": null,
            "port": 8080,
            "protocol": "HTTP",
            "protocol_version": "HTTP1",
            "proxy_protocol_v2": false,
            "slow_start": 0,
            "stickiness": [
              {
                "cookie_duration": 86400,
                "enabled": false,
                "type": "lb_cookie"
              }
            ],
            "tags": null,
            "target_type": "instance",
            "vpc_id": "vpc-05c9e66b89de4003a"
          },
          "private": "bnVsbA==",
          "dependencies": [
            "module.vpc.aws_vpc.vpcOne"
          ]
        }
      ]
    },
    {
      "module": "module.load_balancers",
      "mode": "managed",
      "type": "aws_lb_target_group",
      "name": "nginx_tg",
      "provider": "provider[\"registry.terraform.io/hashicorp/aws\"]",
      "instances": [
        {
          "schema_version": 0,
          "attributes": {
            "arn": "arn:aws:elasticloadbalancing:us-east-2:528910777322:targetgroup/nginx-tg/b7091f2536b0127a",
            "arn_suffix": "targetgroup/nginx-tg/b7091f2536b0127a",
            "deregistration_delay": 300,
            "health_check": [
              {
                "enabled": true,
                "healthy_threshold": 5,
                "interval": 30,
                "matcher": "200",
                "path": "/",
                "port": "traffic-port",
                "protocol": "HTTP",
                "timeout": 5,
                "unhealthy_threshold": 2
              }
            ],
            "id": "arn:aws:elasticloadbalancing:us-east-2:528910777322:targetgroup/nginx-tg/b7091f2536b0127a",
            "lambda_multi_value_headers_enabled": false,
            "load_balancing_algorithm_type": "round_robin",
            "name": "nginx-tg",
            "name_prefix": null,
            "port": 80,
            "protocol": "HTTP",
            "protocol_version": "HTTP1",
            "proxy_protocol_v2": false,
            "slow_start": 0,
            "stickiness": [
              {
                "cookie_duration": 86400,
                "enabled": false,
                "type": "lb_cookie"
              }
            ],
            "tags": null,
            "target_type": "instance",
            "vpc_id": "vpc-05c9e66b89de4003a"
          },
          "private": "bnVsbA==",
          "dependencies": [
            "module.vpc.aws_vpc.vpcOne"
          ]
        }
      ]
    },
    {
      "module": "module.load_balancers",
      "mode": "managed",
      "type": "aws_lb_target_group_attachment",
      "name": "app1",
      "provider": "provider[\"registry.terraform.io/hashicorp/aws\"]",
      "instances": [
        {
          "schema_version": 0,
          "attributes": {
            "availability_zone": null,
            "id": "arn:aws:elasticloadbalancing:us-east-2:528910777322:targetgroup/app-tg/3879e3b57e3c4452-20210306144506323500000001",
            "port": 8080,
            "target_group_arn": "arn:aws:elasticloadbalancing:us-east-2:528910777322:targetgroup/app-tg/3879e3b57e3c4452",
            "target_id": "i-06889682340ca62e0"
          },
          "private": "bnVsbA==",
          "dependencies": [
            "module.app_instances.aws_instance.appPetOne",
            "module.load_balancers.aws_lb_target_group.app_tg",
            "module.sec_group.aws_security_group.secGrpApp",
            "module.vpc.aws_subnet.segment_private1",
            "module.vpc.aws_vpc.vpcOne"
          ]
        }
      ]
    },
    {
      "module": "module.load_balancers",
      "mode": "managed",
      "type": "aws_lb_target_group_attachment",
      "name": "app2",
      "provider": "provider[\"registry.terraform.io/hashicorp/aws\"]",
      "instances": [
        {
          "schema_version": 0,
          "attributes": {
            "availability_zone": null,
            "id": "arn:aws:elasticloadbalancing:us-east-2:528910777322:targetgroup/app-tg/3879e3b57e3c4452-20210306144506758400000002",
            "port": 8080,
            "target_group_arn": "arn:aws:elasticloadbalancing:us-east-2:528910777322:targetgroup/app-tg/3879e3b57e3c4452",
            "target_id": "i-0bfa805980a2cd73b"
          },
          "private": "bnVsbA==",
          "dependencies": [
            "module.app_instances.aws_instance.appPetTwo",
            "module.load_balancers.aws_lb_target_group.app_tg",
            "module.sec_group.aws_security_group.secGrpApp",
            "module.vpc.aws_subnet.segment_private2",
            "module.vpc.aws_vpc.vpcOne"
          ]
        }
      ]
    },
    {
      "module": "module.load_balancers",
      "mode": "managed",
      "type": "aws_lb_target_group_attachment",
      "name": "nginx1",
      "provider": "provider[\"registry.terraform.io/hashicorp/aws\"]",
      "instances": [
        {
          "schema_version": 0,
          "attributes": {
            "availability_zone": null,
            "id": "arn:aws:elasticloadbalancing:us-east-2:528910777322:targetgroup/nginx-tg/b7091f2536b0127a-20210306144524817500000004",
            "port": 80,
            "target_group_arn": "arn:aws:elasticloadbalancing:us-east-2:528910777322:targetgroup/nginx-tg/b7091f2536b0127a",
            "target_id": "i-012762871883d7ed9"
          },
          "private": "bnVsbA==",
          "dependencies": [
            "module.Nginx_instances.aws_instance.nginxPetOne",
            "module.load_balancers.aws_lb_target_group.nginx_tg",
            "module.sec_group.aws_security_group.secGrpNginx",
            "module.vpc.aws_subnet.segment_public1",
            "module.vpc.aws_vpc.vpcOne"
          ]
        }
      ]
    },
    {
      "module": "module.load_balancers",
      "mode": "managed",
      "type": "aws_lb_target_group_attachment",
      "name": "nginx2",
      "provider": "provider[\"registry.terraform.io/hashicorp/aws\"]",
      "instances": [
        {
          "schema_version": 0,
          "attributes": {
            "availability_zone": null,
            "id": "arn:aws:elasticloadbalancing:us-east-2:528910777322:targetgroup/nginx-tg/b7091f2536b0127a-20210306144514031100000003",
            "port": 80,
            "target_group_arn": "arn:aws:elasticloadbalancing:us-east-2:528910777322:targetgroup/nginx-tg/b7091f2536b0127a",
            "target_id": "i-03a2056e5cf5dbc10"
          },
          "private": "bnVsbA==",
          "dependencies": [
            "module.Nginx_instances.aws_instance.nginxPetTwo",
            "module.load_balancers.aws_lb_target_group.nginx_tg",
            "module.sec_group.aws_security_group.secGrpNginx",
            "module.vpc.aws_subnet.segment_public2",
            "module.vpc.aws_vpc.vpcOne"
          ]
        }
      ]
    },
    {
      "module": "module.sec_group",
      "mode": "managed",
      "type": "aws_security_group",
      "name": "secGrpApp",
      "provider": "provider[\"registry.terraform.io/hashicorp/aws\"]",
      "instances": [
        {
          "schema_version": 1,
          "attributes": {
            "arn": "arn:aws:ec2:us-east-2:528910777322:security-group/sg-0acf2f2e51bfe85f3",
            "description": "Allow traffic between nginx VM to App VM",
            "egress": [
              {
                "cidr_blocks": [
                  "0.0.0.0/0"
                ],
                "description": "",
                "from_port": 0,
                "ipv6_cidr_blocks": [],
                "prefix_list_ids": [],
                "protocol": "-1",
                "security_groups": [],
                "self": false,
                "to_port": 0
              }
            ],
            "id": "sg-0acf2f2e51bfe85f3",
            "ingress": [
              {
                "cidr_blocks": [
                  "10.0.1.0/24"
                ],
                "description": "",
                "from_port": 80,
                "ipv6_cidr_blocks": [],
                "prefix_list_ids": [],
                "protocol": "tcp",
                "security_groups": [],
                "self": false,
                "to_port": 80
              }
            ],
            "name": "secGrpApp",
            "name_prefix": "",
            "owner_id": "528910777322",
            "revoke_rules_on_delete": false,
            "tags": {
              "secGrpApp": "true"
            },
            "timeouts": null,
            "vpc_id": "vpc-05c9e66b89de4003a"
          },
          "private": "eyJlMmJmYjczMC1lY2FhLTExZTYtOGY4OC0zNDM2M2JjN2M0YzAiOnsiY3JlYXRlIjo2MDAwMDAwMDAwMDAsImRlbGV0ZSI6NjAwMDAwMDAwMDAwfSwic2NoZW1hX3ZlcnNpb24iOiIxIn0=",
          "dependencies": [
            "module.vpc.aws_vpc.vpcOne"
          ]
        }
      ]
    },
    {
      "module": "module.sec_group",
      "mode": "managed",
      "type": "aws_security_group",
      "name": "secGrpNginx",
      "provider": "provider[\"registry.terraform.io/hashicorp/aws\"]",
      "instances": [
        {
          "schema_version": 1,
          "attributes": {
            "arn": "arn:aws:ec2:us-east-2:528910777322:security-group/sg-0df5356e1c5684410",
            "description": "Allow traffic between users to our nginx servers",
            "egress": [
              {
                "cidr_blocks": [
                  "0.0.0.0/0"
                ],
                "description": "",
                "from_port": 0,
                "ipv6_cidr_blocks": [],
                "prefix_list_ids": [],
                "protocol": "-1",
                "security_groups": [],
                "self": false,
                "to_port": 0
              }
            ],
            "id": "sg-0df5356e1c5684410",
            "ingress": [
              {
                "cidr_blocks": [
                  "0.0.0.0/0"
                ],
                "description": "",
                "from_port": 80,
                "ipv6_cidr_blocks": [],
                "prefix_list_ids": [],
                "protocol": "tcp",
                "security_groups": [],
                "self": false,
                "to_port": 80
              }
            ],
            "name": "secGrpNginx",
            "name_prefix": "",
            "owner_id": "528910777322",
            "revoke_rules_on_delete": false,
            "tags": {
              "secGrpNginx": "true"
            },
            "timeouts": null,
            "vpc_id": "vpc-05c9e66b89de4003a"
          },
          "private": "eyJlMmJmYjczMC1lY2FhLTExZTYtOGY4OC0zNDM2M2JjN2M0YzAiOnsiY3JlYXRlIjo2MDAwMDAwMDAwMDAsImRlbGV0ZSI6NjAwMDAwMDAwMDAwfSwic2NoZW1hX3ZlcnNpb24iOiIxIn0=",
          "dependencies": [
            "module.vpc.aws_vpc.vpcOne"
          ]
        }
      ]
    },
    {
      "module": "module.sec_group",
      "mode": "managed",
      "type": "aws_security_group",
      "name": "secGrpRDS",
      "provider": "provider[\"registry.terraform.io/hashicorp/aws\"]",
      "instances": [
        {
          "schema_version": 1,
          "attributes": {
            "arn": "arn:aws:ec2:us-east-2:528910777322:security-group/sg-08f4c506adbe8499f",
            "description": "Allow traffic between nginx VM to App VM",
            "egress": [
              {
                "cidr_blocks": [
                  "0.0.0.0/0"
                ],
                "description": "",
                "from_port": 0,
                "ipv6_cidr_blocks": [],
                "prefix_list_ids": [],
                "protocol": "-1",
                "security_groups": [],
                "self": false,
                "to_port": 0
              }
            ],
            "id": "sg-08f4c506adbe8499f",
            "ingress": [
              {
                "cidr_blocks": [
                  "10.0.2.0/24"
                ],
                "description": "",
                "from_port": 80,
                "ipv6_cidr_blocks": [],
                "prefix_list_ids": [],
                "protocol": "tcp",
                "security_groups": [],
                "self": false,
                "to_port": 80
              }
            ],
            "name": "secGrpRDS",
            "name_prefix": "",
            "owner_id": "528910777322",
            "revoke_rules_on_delete": false,
            "tags": {
              "secGrpRDS": "true"
            },
            "timeouts": null,
            "vpc_id": "vpc-05c9e66b89de4003a"
          },
          "private": "eyJlMmJmYjczMC1lY2FhLTExZTYtOGY4OC0zNDM2M2JjN2M0YzAiOnsiY3JlYXRlIjo2MDAwMDAwMDAwMDAsImRlbGV0ZSI6NjAwMDAwMDAwMDAwfSwic2NoZW1hX3ZlcnNpb24iOiIxIn0=",
          "dependencies": [
            "module.vpc.aws_vpc.vpcOne"
          ]
        }
      ]
    },
    {
      "module": "module.vpc",
      "mode": "managed",
      "type": "aws_subnet",
      "name": "segment_private1",
      "provider": "provider[\"registry.terraform.io/hashicorp/aws\"]",
      "instances": [
        {
          "schema_version": 1,
          "attributes": {
            "arn": "arn:aws:ec2:us-east-2:528910777322:subnet/subnet-08951e79842fbb582",
            "assign_ipv6_address_on_creation": false,
            "availability_zone": "us-east-2a",
            "availability_zone_id": "use2-az1",
            "cidr_block": "10.0.10.0/24",
            "customer_owned_ipv4_pool": "",
            "id": "subnet-08951e79842fbb582",
            "ipv6_cidr_block": "",
            "ipv6_cidr_block_association_id": "",
            "map_customer_owned_ip_on_launch": false,
            "map_public_ip_on_launch": false,
            "outpost_arn": "",
            "owner_id": "528910777322",
            "tags": {
              "Name": "segment_private"
            },
            "timeouts": null,
            "vpc_id": "vpc-05c9e66b89de4003a"
          },
          "private": "eyJlMmJmYjczMC1lY2FhLTExZTYtOGY4OC0zNDM2M2JjN2M0YzAiOnsiY3JlYXRlIjo2MDAwMDAwMDAwMDAsImRlbGV0ZSI6MTIwMDAwMDAwMDAwMH0sInNjaGVtYV92ZXJzaW9uIjoiMSJ9",
          "dependencies": [
            "module.vpc.aws_vpc.vpcOne"
          ]
        }
      ]
    },
    {
      "module": "module.vpc",
      "mode": "managed",
      "type": "aws_subnet",
      "name": "segment_private2",
      "provider": "provider[\"registry.terraform.io/hashicorp/aws\"]",
      "instances": [
        {
          "schema_version": 1,
          "attributes": {
            "arn": "arn:aws:ec2:us-east-2:528910777322:subnet/subnet-0642392fd9f1ea39f",
            "assign_ipv6_address_on_creation": false,
            "availability_zone": "us-east-2b",
            "availability_zone_id": "use2-az2",
            "cidr_block": "10.0.11.0/24",
            "customer_owned_ipv4_pool": "",
            "id": "subnet-0642392fd9f1ea39f",
            "ipv6_cidr_block": "",
            "ipv6_cidr_block_association_id": "",
            "map_customer_owned_ip_on_launch": false,
            "map_public_ip_on_launch": false,
            "outpost_arn": "",
            "owner_id": "528910777322",
            "tags": {
              "Name": "segment_private"
            },
            "timeouts": null,
            "vpc_id": "vpc-05c9e66b89de4003a"
          },
          "private": "eyJlMmJmYjczMC1lY2FhLTExZTYtOGY4OC0zNDM2M2JjN2M0YzAiOnsiY3JlYXRlIjo2MDAwMDAwMDAwMDAsImRlbGV0ZSI6MTIwMDAwMDAwMDAwMH0sInNjaGVtYV92ZXJzaW9uIjoiMSJ9",
          "dependencies": [
            "module.vpc.aws_vpc.vpcOne"
          ]
        }
      ]
    },
    {
      "module": "module.vpc",
      "mode": "managed",
      "type": "aws_subnet",
      "name": "segment_public1",
      "provider": "provider[\"registry.terraform.io/hashicorp/aws\"]",
      "instances": [
        {
          "schema_version": 1,
          "attributes": {
            "arn": "arn:aws:ec2:us-east-2:528910777322:subnet/subnet-0dc4cbfc61439839b",
            "assign_ipv6_address_on_creation": false,
            "availability_zone": "us-east-2a",
            "availability_zone_id": "use2-az1",
            "cidr_block": "10.0.0.0/24",
            "customer_owned_ipv4_pool": "",
            "id": "subnet-0dc4cbfc61439839b",
            "ipv6_cidr_block": "",
            "ipv6_cidr_block_association_id": "",
            "map_customer_owned_ip_on_launch": false,
            "map_public_ip_on_launch": true,
            "outpost_arn": "",
            "owner_id": "528910777322",
            "tags": {
              "Name": "segment_public"
            },
            "timeouts": null,
            "vpc_id": "vpc-05c9e66b89de4003a"
          },
          "private": "eyJlMmJmYjczMC1lY2FhLTExZTYtOGY4OC0zNDM2M2JjN2M0YzAiOnsiY3JlYXRlIjo2MDAwMDAwMDAwMDAsImRlbGV0ZSI6MTIwMDAwMDAwMDAwMH0sInNjaGVtYV92ZXJzaW9uIjoiMSJ9",
          "dependencies": [
            "module.vpc.aws_vpc.vpcOne"
          ]
        }
      ]
    },
    {
      "module": "module.vpc",
      "mode": "managed",
      "type": "aws_subnet",
      "name": "segment_public2",
      "provider": "provider[\"registry.terraform.io/hashicorp/aws\"]",
      "instances": [
        {
          "schema_version": 1,
          "attributes": {
            "arn": "arn:aws:ec2:us-east-2:528910777322:subnet/subnet-0e2d87ca74ae3db50",
            "assign_ipv6_address_on_creation": false,
            "availability_zone": "us-east-2b",
            "availability_zone_id": "use2-az2",
            "cidr_block": "10.0.1.0/24",
            "customer_owned_ipv4_pool": "",
            "id": "subnet-0e2d87ca74ae3db50",
            "ipv6_cidr_block": "",
            "ipv6_cidr_block_association_id": "",
            "map_customer_owned_ip_on_launch": false,
            "map_public_ip_on_launch": true,
            "outpost_arn": "",
            "owner_id": "528910777322",
            "tags": {
              "Name": "segment_public"
            },
            "timeouts": null,
            "vpc_id": "vpc-05c9e66b89de4003a"
          },
          "private": "eyJlMmJmYjczMC1lY2FhLTExZTYtOGY4OC0zNDM2M2JjN2M0YzAiOnsiY3JlYXRlIjo2MDAwMDAwMDAwMDAsImRlbGV0ZSI6MTIwMDAwMDAwMDAwMH0sInNjaGVtYV92ZXJzaW9uIjoiMSJ9",
          "dependencies": [
            "module.vpc.aws_vpc.vpcOne"
          ]
        }
      ]
    },
    {
      "module": "module.vpc",
      "mode": "managed",
      "type": "aws_vpc",
      "name": "vpcOne",
      "provider": "provider[\"registry.terraform.io/hashicorp/aws\"]",
      "instances": [
        {
          "schema_version": 1,
          "attributes": {
            "arn": "arn:aws:ec2:us-east-2:528910777322:vpc/vpc-05c9e66b89de4003a",
            "assign_generated_ipv6_cidr_block": false,
            "cidr_block": "10.0.0.0/16",
            "default_network_acl_id": "acl-0b38eeef86790a99f",
            "default_route_table_id": "rtb-0bdd622aace53bd2d",
            "default_security_group_id": "sg-09ddc3018399041c4",
            "dhcp_options_id": "dopt-d59b0bbe",
            "enable_classiclink": null,
            "enable_classiclink_dns_support": null,
            "enable_dns_hostnames": true,
            "enable_dns_support": true,
            "id": "vpc-05c9e66b89de4003a",
            "instance_tenancy": "default",
            "ipv6_association_id": "",
            "ipv6_cidr_block": "",
            "main_route_table_id": "rtb-0bdd622aace53bd2d",
            "owner_id": "528910777322",
            "tags": {
              "Name": "vpcOne"
            }
          },
          "private": "eyJzY2hlbWFfdmVyc2lvbiI6IjEifQ=="
        }
      ]
    }
  ]
}
